
Microsoft Visual Studio Solution File, Format Version 11.00
# Visual Studio 2010
Project("{8BC9CEB8-8B4A-11D0-8D11-00A0C91BC942}") = "07 ogl plugin test", "07 ogl plugin test.vcxproj", "{49ED7C13-3BC3-460D-B332-B97E82B1FEFE}"
EndProject
Global
	GlobalSection(SolutionConfigurationPlatforms) = preSolution
		Debug|Win32 = Debug|Win32
		Release|Win32 = Release|Win32
	EndGlobalSection
	GlobalSection(ProjectConfigurationPlatforms) = postSolution
		{49ED7C13-3BC3-460D-B332-B97E82B1FEFE}.Debug|Win32.ActiveCfg = Debug|Win32
		{49ED7C13-3BC3-460D-B332-B97E82B1FEFE}.Debug|Win32.Build.0 = Debug|Win32
		{49ED7C13-3BC3-460D-B332-B97E82B1FEFE}.Release|Win32.ActiveCfg = Release|Win32
		{49ED7C13-3BC3-460D-B332-B97E82B1FEFE}.Release|Win32.Build.0 = Release|Win32
	EndGlobalSection
	GlobalSection(SolutionProperties) = preSolution
		HideSolutionNode = FALSE
	EndGlobalSection
EndGlobal
