<?xml version="1.0" encoding="UTF-8" standalone="yes" ?>
<CodeBlocks_project_file>
	<FileVersion major="1" minor="6" />
	<Project>
		<Option title="kge" />
		<Option pch_mode="2" />
		<Option compiler="gcc" />
		<Build>
			<Target title="Debug">
				<Option output="libkge.so" prefix_auto="0" extension_auto="0" />
				<Option object_output="obj/Debug/kge" />
				<Option type="3" />
				<Option compiler="gcc" />
				<Option createDefFile="0" />
				<Option createStaticLib="1" />
				<Compiler>
					<Add option="-g" />
					<Add option="-fPIC" />
					<Add option="-DDEBUG" />
					<Add option="-fpermissive" />
					<Add directory="Libs/SDL/include" />
				</Compiler>
				<Linker>
					<Add option="-shared" />
					<Add directory="." />
					<Add library="SDL2" />
				</Linker>
			</Target>
			<Target title="Release">
				<Option output="libkge.so" prefix_auto="0" extension_auto="0" />
				<Option object_output="obj/Release/kge" />
				<Option type="3" />
				<Option compiler="gcc" />
				<Option createDefFile="0" />
				<Option createStaticLib="1" />
				<Compiler>
					<Add option="-O2" />
					<Add option="-fPIC" />
					<Add option="-DNDEBUG" />
					<Add option="-fpermissive" />
					<Add directory="Libs/SDL/include" />
				</Compiler>
				<Linker>
					<Add option="-s" />
					<Add option="-shared" />
					<Add directory="." />
					<Add library="SDL2" />
				</Linker>
			</Target>
		</Build>
		<Unit filename="Source/Loader.cpp">
		</Unit>
		<Unit filename="Source/Device.cpp">
		</Unit>
		<Unit filename="Source/PluginManager.cpp">
		</Unit>
		<Unit filename="Source/Resource.cpp">
		</Unit>
		<Unit filename="Source/sn/TPCamera.cpp">
		</Unit>
		<Unit filename="Source/sn/ParticleSystem.cpp">
		</Unit>
		<Unit filename="Source/sn/TileTerrain2.cpp">
		</Unit>
		<Unit filename="Source/sn/AnimatedMesh.cpp">
		</Unit>
		<Unit filename="Source/sn/SceneNode.cpp">
		</Unit>
		<Unit filename="Source/sn/Light.cpp">
		</Unit>
		<Unit filename="Source/sn/AnimatedTexture.cpp">
		</Unit>
		<Unit filename="Source/sn/StaticMesh.cpp">
		</Unit>
		<Unit filename="Source/sn/Camera.cpp">
		</Unit>
		<Unit filename="Source/sn/Decal.cpp">
		</Unit>
		<Unit filename="Source/sn/TileTerrain.cpp">
		</Unit>
		<Unit filename="Source/sn/RibbonTrail.cpp">
		</Unit>
		<Unit filename="Source/sn/Mesh.cpp">
		</Unit>
		<Unit filename="Source/sn/SceneManager.cpp">
		</Unit>
		<Unit filename="Source/efx/Bloom.cpp">
		</Unit>
		<Unit filename="Source/efx/EffectManager.cpp">
		</Unit>
		<Unit filename="Source/efx/MirrorPlane.cpp">
		</Unit>
		<Unit filename="Source/efx/ShadowPlane.cpp">
		</Unit>
		<Unit filename="Source/efx/xpsm.cpp">
		</Unit>
		<Unit filename="Source/efx/Cartoon.cpp">
		</Unit>
		<Unit filename="Source/efx/BumpMap.cpp">
		</Unit>
		<Unit filename="Source/efx/ShadowMapProjection.cpp">
		</Unit>
		<Unit filename="Source/efx/Refraction.cpp">
		</Unit>
		<Unit filename="Source/io/Win32.cpp">
		</Unit>
		<Unit filename="Source/io/SdlWindow.cpp">
		</Unit>
		<Unit filename="Source/io/Linux.cpp">
		</Unit>
		<Unit filename="Source/io/Logger.cpp">
		</Unit>
		<Unit filename="Source/io/Keyboard.cpp">
		</Unit>
		<Unit filename="Source/io/FileSystemManager.cpp">
		</Unit>
		<Unit filename="Source/io/Mouse.cpp">
		</Unit>
		<Unit filename="Source/io/FileSystem.cpp">
		</Unit>
		<Unit filename="Source/io/JoyStick.cpp">
		</Unit>
		<Unit filename="Source/io/File.cpp">
		</Unit>
		<Unit filename="Source/io/Stream.cpp">
		</Unit>
		<Unit filename="Source/ph/MaterialX.cpp">
		</Unit>
		<Unit filename="Source/ph/actorStaticX.cpp">
		</Unit>
		<Unit filename="Source/ph/cookingX.cpp">
		</Unit>
		<Unit filename="Source/ph/StreamX.cpp">
		</Unit>
		<Unit filename="Source/ph/UserAllocatorX.cpp">
		</Unit>
		<Unit filename="Source/ph/actorDynamicX.cpp">
		</Unit>
		<Unit filename="Source/ph/PhysXManager.cpp">
		</Unit>
		<Unit filename="Source/ph/RevoluteJointX.cpp">
		</Unit>
		<Unit filename="Source/ph/planeX.cpp">
		</Unit>
		<Unit filename="Source/ph/TileTerrainShapeX.cpp">
		</Unit>
		<Unit filename="Source/ph/CylindricalJointX.cpp">
		</Unit>
		<Unit filename="Source/ph/DistanceJointX.cpp">
		</Unit>
		<Unit filename="Source/ph/DynamicTriangleMesh.cpp">
		</Unit>
		<Unit filename="Source/ph/FixedJointX.cpp">
		</Unit>
		<Unit filename="Source/ph/SphericalJointX.cpp">
		</Unit>
		<Unit filename="Source/ph/PrismaticJointX.cpp">
		</Unit>
		<Unit filename="Source/math/Utility.cpp">
		</Unit>
		<Unit filename="Source/math/Vector.cpp">
		</Unit>
		<Unit filename="Source/math/AABB.cpp">
		</Unit>
		<Unit filename="Source/math/Frustum.cpp">
		</Unit>
		<Unit filename="Source/math/Plane.cpp">
		</Unit>
		<Unit filename="Source/math/Quat.cpp">
		</Unit>
		<Unit filename="Source/math/Sphere.cpp">
		</Unit>
		<Unit filename="Source/math/math.cpp">
		</Unit>
		<Unit filename="Source/math/Matrix.cpp">
		</Unit>
		<Unit filename="Source/gui/Font.cpp">
		</Unit>
		<Unit filename="Source/gui/Image.cpp">
		</Unit>
		<Unit filename="Source/gui/Control.cpp">
		</Unit>
		<Unit filename="Source/gui/Text.cpp">
		</Unit>
		<Unit filename="Source/gui/GuiManager.cpp">
		</Unit>
		<Unit filename="Source/core/KgeCond.cpp">
		</Unit>
		<Unit filename="Source/core/String.cpp">
		</Unit>
		<Unit filename="Source/core/KgeMutex.cpp">
		</Unit>
		<Unit filename="Source/core/CPU.cpp">
		</Unit>
		<Unit filename="Source/core/KgeMemory.cpp">
		</Unit>
		<Unit filename="Source/core/KgeNedmalloc.cpp">
		</Unit>
		<Unit filename="Source/core/KgeArray.cpp">
		</Unit>
		<Unit filename="Source/core/KgeThread.cpp">
		</Unit>
		<Unit filename="Source/core/TaskManager.cpp">
		</Unit>
		<Unit filename="Source/core/KgeMemoryTrack.cpp">
		</Unit>
		<Unit filename="Source/core/Timer.cpp">
		</Unit>
		<Unit filename="Source/core/TaskManagerThread.cpp">
		</Unit>
		<Unit filename="Source/ps/ParticleRenderer.cpp">
		</Unit>
		<Unit filename="Source/ps/ParticleBehavior.cpp">
		</Unit>
		<Unit filename="Source/ps/ParticleEmitter.cpp">
		</Unit>
		<Unit filename="Source/gfx/MeshManager.cpp">
		</Unit>
		<Unit filename="Source/gfx/MeshBuffer.cpp">
		</Unit>
		<Unit filename="Source/gfx/MaterialManager.cpp">
		</Unit>
		<Unit filename="Source/gfx/GeometryBatch.cpp">
		</Unit>
		<Unit filename="Source/gfx/VertexDec.cpp">
		</Unit>
		<Unit filename="Source/gfx/CmTree.cpp">
		</Unit>
		<Unit filename="Source/gfx/Image.cpp">
		</Unit>
		<Unit filename="Source/gfx/CMatPhongLighting.cpp">
		</Unit>
		<Unit filename="Source/gfx/Texture.cpp">
		</Unit>
		<Unit filename="Source/gfx/ImageData.cpp">
		</Unit>
		<Unit filename="Source/gfx/Renderer.cpp">
		</Unit>
		<Unit filename="Source/gfx/Light.cpp">
		</Unit>
		<Unit filename="Source/gfx/Animation.cpp">
		</Unit>
		<Unit filename="Source/gfx/Tile.cpp">
		</Unit>
		<Unit filename="Source/gfx/LoaderStbImage.cpp">
		</Unit>
		<Unit filename="Source/gfx/LoaderDDS.cpp">
		</Unit>
		<Unit filename="Source/gfx/TileTexture.cpp">
		</Unit>
		<Unit filename="Source/gfx/CustomMaterial.cpp">
		</Unit>
		<Unit filename="Source/gfx/MaterialParams.cpp">
		</Unit>
		<Unit filename="Source/gfx/DynamicHardwareBuffer.cpp">
		</Unit>
		<Unit filename="Source/gfx/MS3DLoader.cpp">
		</Unit>
		<Extensions>
		</Extensions>
	</Project>
</CodeBlocks_project_file>

