<?xml version="1.0" encoding="UTF-8" standalone="yes" ?>
<CodeBlocks_project_file>
   <FileVersion major="1" minor="6" />
   <Project>
      <Option title="KGE" />
      <Option makefile_is_custom="1" />
      <Option compiler="gcc" />
      <Option virtualFolders="CMake Files\;" />
      <Build>
      <Target title="all">
         <Option working_dir="/home/akbar/mycodes/git/kge" />
         <Option type="4" />
         <MakeCommands>
            <Build command="/usr/bin/make -f &quot;/home/akbar/mycodes/git/kge/Makefile&quot;  VERBOSE=1 all" />
            <CompileFile command="/usr/bin/make -f &quot;/home/akbar/mycodes/git/kge/Makefile&quot;  VERBOSE=1 &quot;$file&quot;" />
            <Clean command="/usr/bin/make -f &quot;/home/akbar/mycodes/git/kge/Makefile&quot;  VERBOSE=1 clean" />
            <DistClean command="/usr/bin/make -f &quot;/home/akbar/mycodes/git/kge/Makefile&quot;  VERBOSE=1 clean" />
         </MakeCommands>
      </Target>
      <Target title="kge">
         <Option output="/home/akbar/mycodes/git/kge/libkge.so" prefix_auto="0" extension_auto="0" />
         <Option working_dir="/home/akbar/mycodes/git/kge" />
         <Option object_output="./" />
         <Option type="3" />
         <Option compiler="gcc" />
         <Compiler>
            <Add directory="/home/akbar/mycodes/git/kge/Libs/sdl" />
         </Compiler>
         <MakeCommands>
            <Build command="/usr/bin/make -f &quot;/home/akbar/mycodes/git/kge/Makefile&quot;  VERBOSE=1 kge" />
            <CompileFile command="/usr/bin/make -f &quot;/home/akbar/mycodes/git/kge/Makefile&quot;  VERBOSE=1 &quot;$file&quot;" />
            <Clean command="/usr/bin/make -f &quot;/home/akbar/mycodes/git/kge/Makefile&quot;  VERBOSE=1 clean" />
            <DistClean command="/usr/bin/make -f &quot;/home/akbar/mycodes/git/kge/Makefile&quot;  VERBOSE=1 clean" />
         </MakeCommands>
      </Target>
      <Target title="kge/fast">
         <Option output="/home/akbar/mycodes/git/kge/libkge.so" prefix_auto="0" extension_auto="0" />
         <Option working_dir="/home/akbar/mycodes/git/kge" />
         <Option object_output="./" />
         <Option type="3" />
         <Option compiler="gcc" />
         <Compiler>
            <Add directory="/home/akbar/mycodes/git/kge/Libs/sdl" />
         </Compiler>
         <MakeCommands>
            <Build command="/usr/bin/make -f &quot;/home/akbar/mycodes/git/kge/Makefile&quot;  VERBOSE=1 kge/fast" />
            <CompileFile command="/usr/bin/make -f &quot;/home/akbar/mycodes/git/kge/Makefile&quot;  VERBOSE=1 &quot;$file&quot;" />
            <Clean command="/usr/bin/make -f &quot;/home/akbar/mycodes/git/kge/Makefile&quot;  VERBOSE=1 clean" />
            <DistClean command="/usr/bin/make -f &quot;/home/akbar/mycodes/git/kge/Makefile&quot;  VERBOSE=1 clean" />
         </MakeCommands>
      </Target>
      <Target title="rebuild_cache">
         <Option working_dir="/home/akbar/mycodes/git/kge" />
         <Option type="4" />
         <MakeCommands>
            <Build command="/usr/bin/make -f &quot;/home/akbar/mycodes/git/kge/Makefile&quot;  VERBOSE=1 rebuild_cache" />
            <CompileFile command="/usr/bin/make -f &quot;/home/akbar/mycodes/git/kge/Makefile&quot;  VERBOSE=1 &quot;$file&quot;" />
            <Clean command="/usr/bin/make -f &quot;/home/akbar/mycodes/git/kge/Makefile&quot;  VERBOSE=1 clean" />
            <DistClean command="/usr/bin/make -f &quot;/home/akbar/mycodes/git/kge/Makefile&quot;  VERBOSE=1 clean" />
         </MakeCommands>
      </Target>
      </Build>
      <Unit filename="/home/akbar/mycodes/git/kge/Libs/nedmalloc/nedmalloc.c">
      </Unit>
      <Unit filename="/home/akbar/mycodes/git/kge/Source/Device.cpp">
      </Unit>
      <Unit filename="/home/akbar/mycodes/git/kge/Source/Loader.cpp">
      </Unit>
      <Unit filename="/home/akbar/mycodes/git/kge/Source/PluginManager.cpp">
      </Unit>
      <Unit filename="/home/akbar/mycodes/git/kge/Source/Resource.cpp">
      </Unit>
      <Unit filename="/home/akbar/mycodes/git/kge/Libs/nedmalloc/malloc.c.h">
      </Unit>
      <Unit filename="/home/akbar/mycodes/git/kge/Libs/nedmalloc/nedmalloc.h">
      </Unit>
      <Unit filename="/home/akbar/mycodes/git/kge/CMakeLists.txt">
          <Option virtualFolder="CMake Files\" />
      </Unit>
   </Project>
</CodeBlocks_project_file>
