<?xml version="1.0" encoding="UTF-8" standalone="yes" ?>
<CodeBlocks_project_file>
	<FileVersion major="1" minor="6" />
	<Project>
		<Option title="kge" />
		<Option pch_mode="2" />
		<Option compiler="gcc" />
		<Build>
			<Target title="Debug">
				<Option output="libkge.so" prefix_auto="0" extension_auto="0" />
				<Option object_output="obj/Debug/kge" />
				<Option type="3" />
				<Option compiler="gcc" />
				<Option createStaticLib="1" />
				<Compiler>
					<Add option="-g" />
					<Add option="-fPIC" />
					<Add option="-fpermissive" />
					<Add option="-DDEBUG" />
				</Compiler>
			</Target>
			<Target title="Release">
				<Option output="libkge.so" prefix_auto="0" extension_auto="0" />
				<Option object_output="obj/Release/kge" />
				<Option type="3" />
				<Option compiler="gcc" />
				<Option createStaticLib="1" />
				<Compiler>
					<Add option="-O2" />
					<Add option="-fPIC" />
					<Add option="-fpermissive" />
					<Add option="-DNDEBUG" />
				</Compiler>
				<Linker>
					<Add option="-s" />
				</Linker>
			</Target>
		</Build>
		<Compiler>
			<Add option="`pkg-config sdl2 --cflags`" />
		</Compiler>
		<Linker>
			<Add option="`pkg-config sdl2 --libs`" />
		</Linker>
		<Unit filename="Source/Device.cpp" />
		<Unit filename="Source/Loader.cpp" />
		<Unit filename="Source/PluginManager.cpp" />
		<Unit filename="Source/Resource.cpp" />
		<Unit filename="Source/core/CPU.cpp" />
		<Unit filename="Source/core/KgeArray.cpp" />
		<Unit filename="Source/core/KgeCond.cpp" />
		<Unit filename="Source/core/KgeMemory.cpp" />
		<Unit filename="Source/core/KgeMemoryTrack.cpp" />
		<Unit filename="Source/core/KgeMutex.cpp" />
		<Unit filename="Source/core/KgeNedmalloc.cpp" />
		<Unit filename="Source/core/KgeThread.cpp" />
		<Unit filename="Source/core/String.cpp" />
		<Unit filename="Source/core/TaskManager.cpp" />
		<Unit filename="Source/core/TaskManagerThread.cpp" />
		<Unit filename="Source/core/Timer.cpp" />
		<Unit filename="Source/efx/Bloom.cpp" />
		<Unit filename="Source/efx/BumpMap.cpp" />
		<Unit filename="Source/efx/Cartoon.cpp" />
		<Unit filename="Source/efx/EffectManager.cpp" />
		<Unit filename="Source/efx/MirrorPlane.cpp" />
		<Unit filename="Source/efx/Refraction.cpp" />
		<Unit filename="Source/efx/ShadowMapProjection.cpp" />
		<Unit filename="Source/efx/ShadowPlane.cpp" />
		<Unit filename="Source/efx/xpsm.cpp" />
		<Unit filename="Source/gfx/Animation.cpp" />
		<Unit filename="Source/gfx/CMatPhongLighting.cpp" />
		<Unit filename="Source/gfx/CmTree.cpp" />
		<Unit filename="Source/gfx/CustomMaterial.cpp" />
		<Unit filename="Source/gfx/DynamicHardwareBuffer.cpp" />
		<Unit filename="Source/gfx/GeometryBatch.cpp" />
		<Unit filename="Source/gfx/Image.cpp" />
		<Unit filename="Source/gfx/ImageData.cpp" />
		<Unit filename="Source/gfx/Light.cpp" />
		<Unit filename="Source/gfx/LoaderDDS.cpp" />
		<Unit filename="Source/gfx/LoaderStbImage.cpp" />
		<Unit filename="Source/gfx/MS3DLoader.cpp" />
		<Unit filename="Source/gfx/MaterialManager.cpp" />
		<Unit filename="Source/gfx/MaterialParams.cpp" />
		<Unit filename="Source/gfx/MeshBuffer.cpp" />
		<Unit filename="Source/gfx/MeshManager.cpp" />
		<Unit filename="Source/gfx/Renderer.cpp" />
		<Unit filename="Source/gfx/Texture.cpp" />
		<Unit filename="Source/gfx/Tile.cpp" />
		<Unit filename="Source/gfx/TileTexture.cpp" />
		<Unit filename="Source/gfx/VertexDec.cpp" />
		<Unit filename="Source/gui/Control.cpp" />
		<Unit filename="Source/gui/Font.cpp" />
		<Unit filename="Source/gui/GuiManager.cpp" />
		<Unit filename="Source/gui/Image.cpp" />
		<Unit filename="Source/gui/Text.cpp" />
		<Unit filename="Source/io/File.cpp" />
		<Unit filename="Source/io/FileSystem.cpp" />
		<Unit filename="Source/io/FileSystemManager.cpp" />
		<Unit filename="Source/io/JoyStick.cpp" />
		<Unit filename="Source/io/Keyboard.cpp" />
		<Unit filename="Source/io/Linux.cpp" />
		<Unit filename="Source/io/Logger.cpp" />
		<Unit filename="Source/io/Mouse.cpp" />
		<Unit filename="Source/io/SdlWindow.cpp" />
		<Unit filename="Source/io/Stream.cpp" />
		<Unit filename="Source/io/Win32.cpp" />
		<Unit filename="Source/math/AABB.cpp" />
		<Unit filename="Source/math/Frustum.cpp" />
		<Unit filename="Source/math/Matrix.cpp" />
		<Unit filename="Source/math/Plane.cpp" />
		<Unit filename="Source/math/Quat.cpp" />
		<Unit filename="Source/math/Sphere.cpp" />
		<Unit filename="Source/math/Utility.cpp" />
		<Unit filename="Source/math/Vector.cpp" />
		<Unit filename="Source/math/math.cpp" />
		<Unit filename="Source/ph/CylindricalJointX.cpp" />
		<Unit filename="Source/ph/DistanceJointX.cpp" />
		<Unit filename="Source/ph/DynamicTriangleMesh.cpp" />
		<Unit filename="Source/ph/FixedJointX.cpp" />
		<Unit filename="Source/ph/MaterialX.cpp" />
		<Unit filename="Source/ph/PhysXManager.cpp" />
		<Unit filename="Source/ph/PrismaticJointX.cpp" />
		<Unit filename="Source/ph/RevoluteJointX.cpp" />
		<Unit filename="Source/ph/SphericalJointX.cpp" />
		<Unit filename="Source/ph/StreamX.cpp" />
		<Unit filename="Source/ph/TileTerrainShapeX.cpp" />
		<Unit filename="Source/ph/UserAllocatorX.cpp" />
		<Unit filename="Source/ph/actorDynamicX.cpp" />
		<Unit filename="Source/ph/actorStaticX.cpp" />
		<Unit filename="Source/ph/cookingX.cpp" />
		<Unit filename="Source/ph/planeX.cpp" />
		<Unit filename="Source/ps/ParticleBehavior.cpp" />
		<Unit filename="Source/ps/ParticleEmitter.cpp" />
		<Unit filename="Source/ps/ParticleRenderer.cpp" />
		<Unit filename="Source/sn/AnimatedMesh.cpp" />
		<Unit filename="Source/sn/AnimatedTexture.cpp" />
		<Unit filename="Source/sn/Camera.cpp" />
		<Unit filename="Source/sn/Decal.cpp" />
		<Unit filename="Source/sn/Light.cpp" />
		<Unit filename="Source/sn/Mesh.cpp" />
		<Unit filename="Source/sn/ParticleSystem.cpp" />
		<Unit filename="Source/sn/RibbonTrail.cpp" />
		<Unit filename="Source/sn/SceneManager.cpp" />
		<Unit filename="Source/sn/SceneNode.cpp" />
		<Unit filename="Source/sn/StaticMesh.cpp" />
		<Unit filename="Source/sn/TPCamera.cpp" />
		<Unit filename="Source/sn/TileTerrain.cpp" />
		<Unit filename="Source/sn/TileTerrain2.cpp" />
		<Extensions>
			<code_completion />
			<debugger />
		</Extensions>
	</Project>
</CodeBlocks_project_file>
