Microsoft Visual Studio Solution File, Format Version 11.00
# Visual Studio 2010
Project("{8BC9CEB8-8B4A-11D0-8D11-00A0C91BC942}") = "KGE", "KGE_10.vcxproj", "{0C19FFC0-9A0B-44DF-BB0A-DA0389076B4C}"
EndProject
Project("{2150E333-8FDC-42A3-9474-1A3956D46DE8}") = "tutorials", "tutorials", "{5242EEBD-D4DB-46AA-8ED3-6D0309927C8A}"
EndProject
Project("{8BC9CEB8-8B4A-11D0-8D11-00A0C91BC942}") = "01HelloKGE", "tutorials\tut01\tut01.vcxproj", "{30AB3C1E-D688-437F-A8B9-B0AFC425265B}"
EndProject
Project("{8BC9CEB8-8B4A-11D0-8D11-00A0C91BC942}") = "02CameraMovement", "tutorials\02Input\02Input.vcxproj", "{E3EE7E70-7075-4DB4-BAF1-AF6BF554EF8E}"
EndProject
Project("{8BC9CEB8-8B4A-11D0-8D11-00A0C91BC942}") = "05Terrain", "tutorials\05Terrain\05Terrain.vcxproj", "{728E4235-C910-467A-AB36-C866AB0B4EF9}"
EndProject
Project("{8BC9CEB8-8B4A-11D0-8D11-00A0C91BC942}") = "03AnimatedMesh", "tutorials\03AnimatedMesh\03AnimatedMesh.vcxproj", "{37AA8DD1-DA3A-483F-A387-644A89DDB2D4}"
EndProject
Project("{2150E333-8FDC-42A3-9474-1A3956D46DE8}") = "plugins", "plugins", "{99E8249D-C561-44EB-B608-495A832E5EC0}"
EndProject
Project("{2150E333-8FDC-42A3-9474-1A3956D46DE8}") = "Renderers", "Renderers", "{6DC392AD-74C1-4F7F-BF4C-D8311EFC3ABD}"
EndProject
Project("{8BC9CEB8-8B4A-11D0-8D11-00A0C91BC942}") = "Renderer_d3d9", "plugins\Renderer_d3d9\Renderer_d3d9.vcxproj", "{F7398BD8-1996-4D16-BE5E-15B6E30307F2}"
EndProject
Project("{2150E333-8FDC-42A3-9474-1A3956D46DE8}") = "tools", "tools", "{0A011C4F-1580-4B68-98E6-5DBA93378230}"
EndProject
Project("{2150E333-8FDC-42A3-9474-1A3956D46DE8}") = "gui", "gui", "{58354418-7416-41A9-8ABE-59A73FB4C3BB}"
EndProject
Project("{8BC9CEB8-8B4A-11D0-8D11-00A0C91BC942}") = "libRocketKGERenderer", "tools\libRocketKGERenderer\libRocketKGERenderer.vcxproj", "{CF8DDDEB-C02B-4ADE-AA3A-5BF96FA7AED8}"
EndProject
Project("{8BC9CEB8-8B4A-11D0-8D11-00A0C91BC942}") = "06libRocketGUI", "tutorials\06libRocketGUI\06libRocketGUI.vcxproj", "{DD04C817-F6C0-4FCD-856C-D3F029BD872A}"
EndProject
Project("{2150E333-8FDC-42A3-9474-1A3956D46DE8}") = "net", "net", "{E8170871-6BE1-439B-8909-6AF1E2AB57D6}"
EndProject
Project("{8BC9CEB8-8B4A-11D0-8D11-00A0C91BC942}") = "RakNetKGE", "tools\RakNetKGE\RakNetKGE.vcxproj", "{2A43F9B7-EC3A-4759-B371-3A9B0738C967}"
EndProject
Project("{8BC9CEB8-8B4A-11D0-8D11-00A0C91BC942}") = "07Network", "tutorials\07Network\07Network.vcxproj", "{2A431625-54BA-4D81-A846-C8E1D3589458}"
EndProject
Project("{2150E333-8FDC-42A3-9474-1A3956D46DE8}") = "en", "en", "{8BA772EC-3BAB-4EE9-A7FB-CB818D9E3FBD}"
EndProject
Project("{8BC9CEB8-8B4A-11D0-8D11-00A0C91BC942}") = "EntitySystem", "tools\EntitySystem\EntitySystem.vcxproj", "{90714755-119B-4D65-8D63-0034CC42A424}"
EndProject
Project("{8BC9CEB8-8B4A-11D0-8D11-00A0C91BC942}") = "08EntitySystem", "tutorials\08EntitySystem\08EntitySystem.vcxproj", "{E746BFB3-0E52-4D85-B191-AD03FD52D2D7}"
EndProject
Project("{8BC9CEB8-8B4A-11D0-8D11-00A0C91BC942}") = "Renderer_ogl", "plugins\Renderer_ogl\Renderer_ogl.vcxproj", "{3841BDBE-C580-4530-840E-C1B5C32C62D0}"
EndProject
Project("{2150E333-8FDC-42A3-9474-1A3956D46DE8}") = "Loaders", "Loaders", "{36D54B7E-7B18-41E1-9F39-436301261B4D}"
EndProject
Project("{8BC9CEB8-8B4A-11D0-8D11-00A0C91BC942}") = "Loader_assimp", "plugins\Loader_assimp\Loader_assimp.vcxproj", "{E15165F0-CC97-47FA-8C2D-DB9B837DB231}"
EndProject
Global
	GlobalSection(SolutionConfigurationPlatforms) = preSolution
		Debug|Any CPU = Debug|Any CPU
		Debug|Mixed Platforms = Debug|Mixed Platforms
		Debug|Win32 = Debug|Win32
		Release|Any CPU = Release|Any CPU
		Release|Mixed Platforms = Release|Mixed Platforms
		Release|Win32 = Release|Win32
	EndGlobalSection
	GlobalSection(ProjectConfigurationPlatforms) = postSolution
		{0C19FFC0-9A0B-44DF-BB0A-DA0389076B4C}.Debug|Any CPU.ActiveCfg = Debug|Win32
		{0C19FFC0-9A0B-44DF-BB0A-DA0389076B4C}.Debug|Mixed Platforms.ActiveCfg = Debug|Win32
		{0C19FFC0-9A0B-44DF-BB0A-DA0389076B4C}.Debug|Mixed Platforms.Build.0 = Debug|Win32
		{0C19FFC0-9A0B-44DF-BB0A-DA0389076B4C}.Debug|Win32.ActiveCfg = Debug|Win32
		{0C19FFC0-9A0B-44DF-BB0A-DA0389076B4C}.Debug|Win32.Build.0 = Debug|Win32
		{0C19FFC0-9A0B-44DF-BB0A-DA0389076B4C}.Release|Any CPU.ActiveCfg = Release|Win32
		{0C19FFC0-9A0B-44DF-BB0A-DA0389076B4C}.Release|Mixed Platforms.ActiveCfg = Release|Win32
		{0C19FFC0-9A0B-44DF-BB0A-DA0389076B4C}.Release|Mixed Platforms.Build.0 = Release|Win32
		{0C19FFC0-9A0B-44DF-BB0A-DA0389076B4C}.Release|Win32.ActiveCfg = Release|Win32
		{0C19FFC0-9A0B-44DF-BB0A-DA0389076B4C}.Release|Win32.Build.0 = Release|Win32
		{30AB3C1E-D688-437F-A8B9-B0AFC425265B}.Debug|Any CPU.ActiveCfg = Debug|Win32
		{30AB3C1E-D688-437F-A8B9-B0AFC425265B}.Debug|Mixed Platforms.ActiveCfg = Debug|Win32
		{30AB3C1E-D688-437F-A8B9-B0AFC425265B}.Debug|Mixed Platforms.Build.0 = Debug|Win32
		{30AB3C1E-D688-437F-A8B9-B0AFC425265B}.Debug|Win32.ActiveCfg = Debug|Win32
		{30AB3C1E-D688-437F-A8B9-B0AFC425265B}.Debug|Win32.Build.0 = Debug|Win32
		{30AB3C1E-D688-437F-A8B9-B0AFC425265B}.Release|Any CPU.ActiveCfg = Release|Win32
		{30AB3C1E-D688-437F-A8B9-B0AFC425265B}.Release|Mixed Platforms.ActiveCfg = Release|Win32
		{30AB3C1E-D688-437F-A8B9-B0AFC425265B}.Release|Mixed Platforms.Build.0 = Release|Win32
		{30AB3C1E-D688-437F-A8B9-B0AFC425265B}.Release|Win32.ActiveCfg = Release|Win32
		{30AB3C1E-D688-437F-A8B9-B0AFC425265B}.Release|Win32.Build.0 = Release|Win32
		{E3EE7E70-7075-4DB4-BAF1-AF6BF554EF8E}.Debug|Any CPU.ActiveCfg = Debug|Win32
		{E3EE7E70-7075-4DB4-BAF1-AF6BF554EF8E}.Debug|Mixed Platforms.ActiveCfg = Debug|Win32
		{E3EE7E70-7075-4DB4-BAF1-AF6BF554EF8E}.Debug|Mixed Platforms.Build.0 = Debug|Win32
		{E3EE7E70-7075-4DB4-BAF1-AF6BF554EF8E}.Debug|Win32.ActiveCfg = Debug|Win32
		{E3EE7E70-7075-4DB4-BAF1-AF6BF554EF8E}.Debug|Win32.Build.0 = Debug|Win32
		{E3EE7E70-7075-4DB4-BAF1-AF6BF554EF8E}.Release|Any CPU.ActiveCfg = Release|Win32
		{E3EE7E70-7075-4DB4-BAF1-AF6BF554EF8E}.Release|Mixed Platforms.ActiveCfg = Release|Win32
		{E3EE7E70-7075-4DB4-BAF1-AF6BF554EF8E}.Release|Mixed Platforms.Build.0 = Release|Win32
		{E3EE7E70-7075-4DB4-BAF1-AF6BF554EF8E}.Release|Win32.ActiveCfg = Release|Win32
		{E3EE7E70-7075-4DB4-BAF1-AF6BF554EF8E}.Release|Win32.Build.0 = Release|Win32
		{728E4235-C910-467A-AB36-C866AB0B4EF9}.Debug|Any CPU.ActiveCfg = Debug|Win32
		{728E4235-C910-467A-AB36-C866AB0B4EF9}.Debug|Mixed Platforms.ActiveCfg = Debug|Win32
		{728E4235-C910-467A-AB36-C866AB0B4EF9}.Debug|Mixed Platforms.Build.0 = Debug|Win32
		{728E4235-C910-467A-AB36-C866AB0B4EF9}.Debug|Win32.ActiveCfg = Debug|Win32
		{728E4235-C910-467A-AB36-C866AB0B4EF9}.Debug|Win32.Build.0 = Debug|Win32
		{728E4235-C910-467A-AB36-C866AB0B4EF9}.Release|Any CPU.ActiveCfg = Release|Win32
		{728E4235-C910-467A-AB36-C866AB0B4EF9}.Release|Mixed Platforms.ActiveCfg = Release|Win32
		{728E4235-C910-467A-AB36-C866AB0B4EF9}.Release|Mixed Platforms.Build.0 = Release|Win32
		{728E4235-C910-467A-AB36-C866AB0B4EF9}.Release|Win32.ActiveCfg = Release|Win32
		{728E4235-C910-467A-AB36-C866AB0B4EF9}.Release|Win32.Build.0 = Release|Win32
		{37AA8DD1-DA3A-483F-A387-644A89DDB2D4}.Debug|Any CPU.ActiveCfg = Debug|Win32
		{37AA8DD1-DA3A-483F-A387-644A89DDB2D4}.Debug|Mixed Platforms.ActiveCfg = Debug|Win32
		{37AA8DD1-DA3A-483F-A387-644A89DDB2D4}.Debug|Mixed Platforms.Build.0 = Debug|Win32
		{37AA8DD1-DA3A-483F-A387-644A89DDB2D4}.Debug|Win32.ActiveCfg = Debug|Win32
		{37AA8DD1-DA3A-483F-A387-644A89DDB2D4}.Debug|Win32.Build.0 = Debug|Win32
		{37AA8DD1-DA3A-483F-A387-644A89DDB2D4}.Release|Any CPU.ActiveCfg = Release|Win32
		{37AA8DD1-DA3A-483F-A387-644A89DDB2D4}.Release|Mixed Platforms.ActiveCfg = Release|Win32
		{37AA8DD1-DA3A-483F-A387-644A89DDB2D4}.Release|Mixed Platforms.Build.0 = Release|Win32
		{37AA8DD1-DA3A-483F-A387-644A89DDB2D4}.Release|Win32.ActiveCfg = Release|Win32
		{37AA8DD1-DA3A-483F-A387-644A89DDB2D4}.Release|Win32.Build.0 = Release|Win32
		{F7398BD8-1996-4D16-BE5E-15B6E30307F2}.Debug|Any CPU.ActiveCfg = Debug|Win32
		{F7398BD8-1996-4D16-BE5E-15B6E30307F2}.Debug|Mixed Platforms.ActiveCfg = Debug|Win32
		{F7398BD8-1996-4D16-BE5E-15B6E30307F2}.Debug|Mixed Platforms.Build.0 = Debug|Win32
		{F7398BD8-1996-4D16-BE5E-15B6E30307F2}.Debug|Win32.ActiveCfg = Debug|Win32
		{F7398BD8-1996-4D16-BE5E-15B6E30307F2}.Debug|Win32.Build.0 = Debug|Win32
		{F7398BD8-1996-4D16-BE5E-15B6E30307F2}.Release|Any CPU.ActiveCfg = Release|Win32
		{F7398BD8-1996-4D16-BE5E-15B6E30307F2}.Release|Mixed Platforms.ActiveCfg = Release|Win32
		{F7398BD8-1996-4D16-BE5E-15B6E30307F2}.Release|Mixed Platforms.Build.0 = Release|Win32
		{F7398BD8-1996-4D16-BE5E-15B6E30307F2}.Release|Win32.ActiveCfg = Release|Win32
		{F7398BD8-1996-4D16-BE5E-15B6E30307F2}.Release|Win32.Build.0 = Release|Win32
		{CF8DDDEB-C02B-4ADE-AA3A-5BF96FA7AED8}.Debug|Any CPU.ActiveCfg = Debug|Win32
		{CF8DDDEB-C02B-4ADE-AA3A-5BF96FA7AED8}.Debug|Mixed Platforms.ActiveCfg = Debug|Win32
		{CF8DDDEB-C02B-4ADE-AA3A-5BF96FA7AED8}.Debug|Mixed Platforms.Build.0 = Debug|Win32
		{CF8DDDEB-C02B-4ADE-AA3A-5BF96FA7AED8}.Debug|Win32.ActiveCfg = Debug|Win32
		{CF8DDDEB-C02B-4ADE-AA3A-5BF96FA7AED8}.Debug|Win32.Build.0 = Debug|Win32
		{CF8DDDEB-C02B-4ADE-AA3A-5BF96FA7AED8}.Release|Any CPU.ActiveCfg = Release|Win32
		{CF8DDDEB-C02B-4ADE-AA3A-5BF96FA7AED8}.Release|Mixed Platforms.ActiveCfg = Release|Win32
		{CF8DDDEB-C02B-4ADE-AA3A-5BF96FA7AED8}.Release|Mixed Platforms.Build.0 = Release|Win32
		{CF8DDDEB-C02B-4ADE-AA3A-5BF96FA7AED8}.Release|Win32.ActiveCfg = Release|Win32
		{CF8DDDEB-C02B-4ADE-AA3A-5BF96FA7AED8}.Release|Win32.Build.0 = Release|Win32
		{DD04C817-F6C0-4FCD-856C-D3F029BD872A}.Debug|Any CPU.ActiveCfg = Debug|Win32
		{DD04C817-F6C0-4FCD-856C-D3F029BD872A}.Debug|Mixed Platforms.ActiveCfg = Debug|Win32
		{DD04C817-F6C0-4FCD-856C-D3F029BD872A}.Debug|Mixed Platforms.Build.0 = Debug|Win32
		{DD04C817-F6C0-4FCD-856C-D3F029BD872A}.Debug|Win32.ActiveCfg = Debug|Win32
		{DD04C817-F6C0-4FCD-856C-D3F029BD872A}.Debug|Win32.Build.0 = Debug|Win32
		{DD04C817-F6C0-4FCD-856C-D3F029BD872A}.Release|Any CPU.ActiveCfg = Release|Win32
		{DD04C817-F6C0-4FCD-856C-D3F029BD872A}.Release|Mixed Platforms.ActiveCfg = Release|Win32
		{DD04C817-F6C0-4FCD-856C-D3F029BD872A}.Release|Mixed Platforms.Build.0 = Release|Win32
		{DD04C817-F6C0-4FCD-856C-D3F029BD872A}.Release|Win32.ActiveCfg = Release|Win32
		{DD04C817-F6C0-4FCD-856C-D3F029BD872A}.Release|Win32.Build.0 = Release|Win32
		{2A43F9B7-EC3A-4759-B371-3A9B0738C967}.Debug|Any CPU.ActiveCfg = Debug|Win32
		{2A43F9B7-EC3A-4759-B371-3A9B0738C967}.Debug|Mixed Platforms.ActiveCfg = Debug|Win32
		{2A43F9B7-EC3A-4759-B371-3A9B0738C967}.Debug|Mixed Platforms.Build.0 = Debug|Win32
		{2A43F9B7-EC3A-4759-B371-3A9B0738C967}.Debug|Win32.ActiveCfg = Debug|Win32
		{2A43F9B7-EC3A-4759-B371-3A9B0738C967}.Debug|Win32.Build.0 = Debug|Win32
		{2A43F9B7-EC3A-4759-B371-3A9B0738C967}.Release|Any CPU.ActiveCfg = Release|Win32
		{2A43F9B7-EC3A-4759-B371-3A9B0738C967}.Release|Mixed Platforms.ActiveCfg = Release|Win32
		{2A43F9B7-EC3A-4759-B371-3A9B0738C967}.Release|Mixed Platforms.Build.0 = Release|Win32
		{2A43F9B7-EC3A-4759-B371-3A9B0738C967}.Release|Win32.ActiveCfg = Release|Win32
		{2A43F9B7-EC3A-4759-B371-3A9B0738C967}.Release|Win32.Build.0 = Release|Win32
		{2A431625-54BA-4D81-A846-C8E1D3589458}.Debug|Any CPU.ActiveCfg = Debug|Win32
		{2A431625-54BA-4D81-A846-C8E1D3589458}.Debug|Mixed Platforms.ActiveCfg = Debug|Win32
		{2A431625-54BA-4D81-A846-C8E1D3589458}.Debug|Mixed Platforms.Build.0 = Debug|Win32
		{2A431625-54BA-4D81-A846-C8E1D3589458}.Debug|Win32.ActiveCfg = Debug|Win32
		{2A431625-54BA-4D81-A846-C8E1D3589458}.Debug|Win32.Build.0 = Debug|Win32
		{2A431625-54BA-4D81-A846-C8E1D3589458}.Release|Any CPU.ActiveCfg = Release|Win32
		{2A431625-54BA-4D81-A846-C8E1D3589458}.Release|Mixed Platforms.ActiveCfg = Release|Win32
		{2A431625-54BA-4D81-A846-C8E1D3589458}.Release|Mixed Platforms.Build.0 = Release|Win32
		{2A431625-54BA-4D81-A846-C8E1D3589458}.Release|Win32.ActiveCfg = Release|Win32
		{2A431625-54BA-4D81-A846-C8E1D3589458}.Release|Win32.Build.0 = Release|Win32
		{90714755-119B-4D65-8D63-0034CC42A424}.Debug|Any CPU.ActiveCfg = Debug|Win32
		{90714755-119B-4D65-8D63-0034CC42A424}.Debug|Mixed Platforms.ActiveCfg = Debug|Win32
		{90714755-119B-4D65-8D63-0034CC42A424}.Debug|Mixed Platforms.Build.0 = Debug|Win32
		{90714755-119B-4D65-8D63-0034CC42A424}.Debug|Win32.ActiveCfg = Debug|Win32
		{90714755-119B-4D65-8D63-0034CC42A424}.Debug|Win32.Build.0 = Debug|Win32
		{90714755-119B-4D65-8D63-0034CC42A424}.Release|Any CPU.ActiveCfg = Release|Win32
		{90714755-119B-4D65-8D63-0034CC42A424}.Release|Mixed Platforms.ActiveCfg = Release|Win32
		{90714755-119B-4D65-8D63-0034CC42A424}.Release|Mixed Platforms.Build.0 = Release|Win32
		{90714755-119B-4D65-8D63-0034CC42A424}.Release|Win32.ActiveCfg = Release|Win32
		{90714755-119B-4D65-8D63-0034CC42A424}.Release|Win32.Build.0 = Release|Win32
		{E746BFB3-0E52-4D85-B191-AD03FD52D2D7}.Debug|Any CPU.ActiveCfg = Debug|Win32
		{E746BFB3-0E52-4D85-B191-AD03FD52D2D7}.Debug|Mixed Platforms.ActiveCfg = Debug|Win32
		{E746BFB3-0E52-4D85-B191-AD03FD52D2D7}.Debug|Mixed Platforms.Build.0 = Debug|Win32
		{E746BFB3-0E52-4D85-B191-AD03FD52D2D7}.Debug|Win32.ActiveCfg = Debug|Win32
		{E746BFB3-0E52-4D85-B191-AD03FD52D2D7}.Debug|Win32.Build.0 = Debug|Win32
		{E746BFB3-0E52-4D85-B191-AD03FD52D2D7}.Release|Any CPU.ActiveCfg = Release|Win32
		{E746BFB3-0E52-4D85-B191-AD03FD52D2D7}.Release|Mixed Platforms.ActiveCfg = Release|Win32
		{E746BFB3-0E52-4D85-B191-AD03FD52D2D7}.Release|Mixed Platforms.Build.0 = Release|Win32
		{E746BFB3-0E52-4D85-B191-AD03FD52D2D7}.Release|Win32.ActiveCfg = Release|Win32
		{E746BFB3-0E52-4D85-B191-AD03FD52D2D7}.Release|Win32.Build.0 = Release|Win32
		{3841BDBE-C580-4530-840E-C1B5C32C62D0}.Debug|Any CPU.ActiveCfg = Debug|Win32
		{3841BDBE-C580-4530-840E-C1B5C32C62D0}.Debug|Mixed Platforms.ActiveCfg = Debug|Win32
		{3841BDBE-C580-4530-840E-C1B5C32C62D0}.Debug|Mixed Platforms.Build.0 = Debug|Win32
		{3841BDBE-C580-4530-840E-C1B5C32C62D0}.Debug|Win32.ActiveCfg = Debug|Win32
		{3841BDBE-C580-4530-840E-C1B5C32C62D0}.Debug|Win32.Build.0 = Debug|Win32
		{3841BDBE-C580-4530-840E-C1B5C32C62D0}.Release|Any CPU.ActiveCfg = Release|Win32
		{3841BDBE-C580-4530-840E-C1B5C32C62D0}.Release|Mixed Platforms.ActiveCfg = Release|Win32
		{3841BDBE-C580-4530-840E-C1B5C32C62D0}.Release|Mixed Platforms.Build.0 = Release|Win32
		{3841BDBE-C580-4530-840E-C1B5C32C62D0}.Release|Win32.ActiveCfg = Release|Win32
		{3841BDBE-C580-4530-840E-C1B5C32C62D0}.Release|Win32.Build.0 = Release|Win32
		{E15165F0-CC97-47FA-8C2D-DB9B837DB231}.Debug|Any CPU.ActiveCfg = Debug|Win32
		{E15165F0-CC97-47FA-8C2D-DB9B837DB231}.Debug|Mixed Platforms.ActiveCfg = Debug|Win32
		{E15165F0-CC97-47FA-8C2D-DB9B837DB231}.Debug|Mixed Platforms.Build.0 = Debug|Win32
		{E15165F0-CC97-47FA-8C2D-DB9B837DB231}.Debug|Win32.ActiveCfg = Debug|Win32
		{E15165F0-CC97-47FA-8C2D-DB9B837DB231}.Debug|Win32.Build.0 = Debug|Win32
		{E15165F0-CC97-47FA-8C2D-DB9B837DB231}.Release|Any CPU.ActiveCfg = Release|Win32
		{E15165F0-CC97-47FA-8C2D-DB9B837DB231}.Release|Mixed Platforms.ActiveCfg = Release|Win32
		{E15165F0-CC97-47FA-8C2D-DB9B837DB231}.Release|Mixed Platforms.Build.0 = Release|Win32
		{E15165F0-CC97-47FA-8C2D-DB9B837DB231}.Release|Win32.ActiveCfg = Release|Win32
		{E15165F0-CC97-47FA-8C2D-DB9B837DB231}.Release|Win32.Build.0 = Release|Win32
	EndGlobalSection
	GlobalSection(SolutionProperties) = preSolution
		HideSolutionNode = FALSE
	EndGlobalSection
	GlobalSection(NestedProjects) = preSolution
		{30AB3C1E-D688-437F-A8B9-B0AFC425265B} = {5242EEBD-D4DB-46AA-8ED3-6D0309927C8A}
		{E3EE7E70-7075-4DB4-BAF1-AF6BF554EF8E} = {5242EEBD-D4DB-46AA-8ED3-6D0309927C8A}
		{728E4235-C910-467A-AB36-C866AB0B4EF9} = {5242EEBD-D4DB-46AA-8ED3-6D0309927C8A}
		{37AA8DD1-DA3A-483F-A387-644A89DDB2D4} = {5242EEBD-D4DB-46AA-8ED3-6D0309927C8A}
		{DD04C817-F6C0-4FCD-856C-D3F029BD872A} = {5242EEBD-D4DB-46AA-8ED3-6D0309927C8A}
		{2A431625-54BA-4D81-A846-C8E1D3589458} = {5242EEBD-D4DB-46AA-8ED3-6D0309927C8A}
		{E746BFB3-0E52-4D85-B191-AD03FD52D2D7} = {5242EEBD-D4DB-46AA-8ED3-6D0309927C8A}
		{6DC392AD-74C1-4F7F-BF4C-D8311EFC3ABD} = {99E8249D-C561-44EB-B608-495A832E5EC0}
		{36D54B7E-7B18-41E1-9F39-436301261B4D} = {99E8249D-C561-44EB-B608-495A832E5EC0}
		{F7398BD8-1996-4D16-BE5E-15B6E30307F2} = {6DC392AD-74C1-4F7F-BF4C-D8311EFC3ABD}
		{3841BDBE-C580-4530-840E-C1B5C32C62D0} = {6DC392AD-74C1-4F7F-BF4C-D8311EFC3ABD}
		{58354418-7416-41A9-8ABE-59A73FB4C3BB} = {0A011C4F-1580-4B68-98E6-5DBA93378230}
		{E8170871-6BE1-439B-8909-6AF1E2AB57D6} = {0A011C4F-1580-4B68-98E6-5DBA93378230}
		{8BA772EC-3BAB-4EE9-A7FB-CB818D9E3FBD} = {0A011C4F-1580-4B68-98E6-5DBA93378230}
		{CF8DDDEB-C02B-4ADE-AA3A-5BF96FA7AED8} = {58354418-7416-41A9-8ABE-59A73FB4C3BB}
		{2A43F9B7-EC3A-4759-B371-3A9B0738C967} = {E8170871-6BE1-439B-8909-6AF1E2AB57D6}
		{90714755-119B-4D65-8D63-0034CC42A424} = {8BA772EC-3BAB-4EE9-A7FB-CB818D9E3FBD}
		{E15165F0-CC97-47FA-8C2D-DB9B837DB231} = {36D54B7E-7B18-41E1-9F39-436301261B4D}
	EndGlobalSection
EndGlobal
