
Microsoft Visual Studio Solution File, Format Version 11.00
# Visual Studio 2010
Project("{8BC9CEB8-8B4A-11D0-8D11-00A0C91BC942}") = "KGE10", "KGE10.vcxproj", "{22DEE7E4-5829-4B77-BEEC-BE152AB0AE5C}"
EndProject
Project("{8BC9CEB8-8B4A-11D0-8D11-00A0C91BC942}") = "Renderer_d3d9", "..\Renderer_d3d9\Renderer_d3d9.vcxproj", "{83C2698B-660E-42F9-8200-1FC409BB957A}"
EndProject
Project("{8BC9CEB8-8B4A-11D0-8D11-00A0C91BC942}") = "KGEWebPlayer", "..\KGEWebPlayer\KGEWebPlayer.vcxproj", "{8CBBC984-ABFA-471B-B0B1-44C207D78D56}"
EndProject
Project("{8BC9CEB8-8B4A-11D0-8D11-00A0C91BC942}") = "Renderer_ogl", "..\Renderer_ogl\Renderer_ogl.vcxproj", "{790A8356-123A-4A4A-9BA7-9B7FD1734461}"
	ProjectSection(ProjectDependencies) = postProject
		{22DEE7E4-5829-4B77-BEEC-BE152AB0AE5C} = {22DEE7E4-5829-4B77-BEEC-BE152AB0AE5C}
	EndProjectSection
EndProject
Project("{2150E333-8FDC-42A3-9474-1A3956D46DE8}") = "tests", "tests", "{3895B1CA-E0D0-4BE6-9756-C98EE33ACA4A}"
EndProject
Project("{8BC9CEB8-8B4A-11D0-8D11-00A0C91BC942}") = "01 Logger test", "..\..\tests\01 Logger test\01 Logger test.vcxproj", "{7B06E472-1593-45BD-A176-7D5F280F3E90}"
EndProject
Project("{8BC9CEB8-8B4A-11D0-8D11-00A0C91BC942}") = "02 Memory test", "..\..\tests\02 Memory test\02 Memory test.vcxproj", "{900A45BF-7C1F-4472-8401-8FEC06BEE2E5}"
EndProject
Project("{8BC9CEB8-8B4A-11D0-8D11-00A0C91BC942}") = "03 d3d9 plugin test", "..\..\tests\03 d3d9 plugin test\03 d3d9 plugin test.vcxproj", "{A3EB4EE5-890F-4148-996E-355F464FEE8F}"
	ProjectSection(ProjectDependencies) = postProject
		{83C2698B-660E-42F9-8200-1FC409BB957A} = {83C2698B-660E-42F9-8200-1FC409BB957A}
		{22DEE7E4-5829-4B77-BEEC-BE152AB0AE5C} = {22DEE7E4-5829-4B77-BEEC-BE152AB0AE5C}
	EndProjectSection
EndProject
Project("{8BC9CEB8-8B4A-11D0-8D11-00A0C91BC942}") = "04 Device init test", "..\..\tests\04 Device init test\04 Device init test.vcxproj", "{4ABE820D-33E6-4D8E-815C-322612F33AE9}"
EndProject
Project("{8BC9CEB8-8B4A-11D0-8D11-00A0C91BC942}") = "05 wep application test", "..\..\tests\05 wep application test\05 wep application test.vcxproj", "{161E529F-2CA4-4B39-BC06-8ECF6D9F70BB}"
EndProject
Project("{8BC9CEB8-8B4A-11D0-8D11-00A0C91BC942}") = "06 test Input Manager plugin", "..\..\tests\06 test Input Manager plugin\06 test Input Manager plugin.vcxproj", "{CC11359F-7767-48E7-8C37-029E8E614667}"
	ProjectSection(ProjectDependencies) = postProject
		{CF1EFDDB-C9DD-471D-8BE6-8559F4740592} = {CF1EFDDB-C9DD-471D-8BE6-8559F4740592}
		{22DEE7E4-5829-4B77-BEEC-BE152AB0AE5C} = {22DEE7E4-5829-4B77-BEEC-BE152AB0AE5C}
	EndProjectSection
EndProject
Project("{8BC9CEB8-8B4A-11D0-8D11-00A0C91BC942}") = "07 ogl plugin test", "..\..\tests\07 ogl plugin test\07 ogl plugin test.vcxproj", "{49ED7C13-3BC3-460D-B332-B97E82B1FEFE}"
	ProjectSection(ProjectDependencies) = postProject
		{790A8356-123A-4A4A-9BA7-9B7FD1734461} = {790A8356-123A-4A4A-9BA7-9B7FD1734461}
		{22DEE7E4-5829-4B77-BEEC-BE152AB0AE5C} = {22DEE7E4-5829-4B77-BEEC-BE152AB0AE5C}
	EndProjectSection
EndProject
Project("{2150E333-8FDC-42A3-9474-1A3956D46DE8}") = "Renderers", "Renderers", "{CCC977A6-A4FB-443D-8016-0E90D694DFC2}"
EndProject
Project("{2150E333-8FDC-42A3-9474-1A3956D46DE8}") = "Input Managers", "Input Managers", "{9A8F9DA9-9446-4147-90DE-F5925EB8FB1E}"
EndProject
Project("{8BC9CEB8-8B4A-11D0-8D11-00A0C91BC942}") = "InputMgr_OIS", "..\InputMgr_OIS\InputMgr_OIS.vcxproj", "{CF1EFDDB-C9DD-471D-8BE6-8559F4740592}"
EndProject
Project("{2150E333-8FDC-42A3-9474-1A3956D46DE8}") = "Solution Items", "Solution Items", "{D6DC83D4-48B9-4BD7-B090-E44E2F53F0E8}"
	ProjectSection(SolutionItems) = preProject
		changes.txt = changes.txt
		..\..\README.md = ..\..\README.md
	EndProjectSection
EndProject
Project("{8BC9CEB8-8B4A-11D0-8D11-00A0C91BC942}") = "09FileSystemTest", "..\..\tests\09FileSystemTest\09FileSystemTest.vcxproj", "{ECD043A8-44EA-4BB0-AA37-F62D09BC9A31}"
	ProjectSection(ProjectDependencies) = postProject
		{22DEE7E4-5829-4B77-BEEC-BE152AB0AE5C} = {22DEE7E4-5829-4B77-BEEC-BE152AB0AE5C}
	EndProjectSection
EndProject
Project("{2150E333-8FDC-42A3-9474-1A3956D46DE8}") = "Loaders", "Loaders", "{10268A30-B0DC-47DF-950D-5421E069A053}"
EndProject
Project("{8BC9CEB8-8B4A-11D0-8D11-00A0C91BC942}") = "Loader_OGRE", "..\Loader_OGRE\Loader_OGRE.vcxproj", "{B0D7E3CD-DF08-4461-8A6F-CE49476BFAFE}"
EndProject
Project("{8BC9CEB8-8B4A-11D0-8D11-00A0C91BC942}") = "08RendererTest", "..\..\tests\08RendererTest\08RendererTest.vcxproj", "{F0A24F23-6C26-44C9-83E5-042E6169DA7C}"
	ProjectSection(ProjectDependencies) = postProject
		{790A8356-123A-4A4A-9BA7-9B7FD1734461} = {790A8356-123A-4A4A-9BA7-9B7FD1734461}
		{83C2698B-660E-42F9-8200-1FC409BB957A} = {83C2698B-660E-42F9-8200-1FC409BB957A}
		{22DEE7E4-5829-4B77-BEEC-BE152AB0AE5C} = {22DEE7E4-5829-4B77-BEEC-BE152AB0AE5C}
	EndProjectSection
EndProject
Project("{8BC9CEB8-8B4A-11D0-8D11-00A0C91BC942}") = "EntitySystem", "..\EntitySystem\EntitySystem.vcxproj", "{39F70151-1DDB-4DB0-AA34-A83D8429A88E}"
EndProject
Project("{8BC9CEB8-8B4A-11D0-8D11-00A0C91BC942}") = "10EntitySystemTest", "..\..\tests\10EntitySystemTest\10EntitySystemTest.vcxproj", "{E8430F03-C107-4E89-91F3-AFDD107990C7}"
EndProject
Project("{8BC9CEB8-8B4A-11D0-8D11-00A0C91BC942}") = "Loader_DDS", "..\Loader_DDS\Loader_DDS.vcxproj", "{263FB41E-66AF-47FE-A7FF-9109B2B77A31}"
EndProject
Global
	GlobalSection(SolutionConfigurationPlatforms) = preSolution
		Application|Android = Application|Android
		Application|Mixed Platforms = Application|Mixed Platforms
		Application|Win32 = Application|Win32
		ApplicationDebug|Android = ApplicationDebug|Android
		ApplicationDebug|Mixed Platforms = ApplicationDebug|Mixed Platforms
		ApplicationDebug|Win32 = ApplicationDebug|Win32
		Debug|Android = Debug|Android
		Debug|Mixed Platforms = Debug|Mixed Platforms
		Debug|Win32 = Debug|Win32
		Release|Android = Release|Android
		Release|Mixed Platforms = Release|Mixed Platforms
		Release|Win32 = Release|Win32
	EndGlobalSection
	GlobalSection(ProjectConfigurationPlatforms) = postSolution
		{22DEE7E4-5829-4B77-BEEC-BE152AB0AE5C}.Application|Android.ActiveCfg = Release|Win32
		{22DEE7E4-5829-4B77-BEEC-BE152AB0AE5C}.Application|Mixed Platforms.ActiveCfg = Release|Win32
		{22DEE7E4-5829-4B77-BEEC-BE152AB0AE5C}.Application|Mixed Platforms.Build.0 = Release|Win32
		{22DEE7E4-5829-4B77-BEEC-BE152AB0AE5C}.Application|Win32.ActiveCfg = Release|Win32
		{22DEE7E4-5829-4B77-BEEC-BE152AB0AE5C}.Application|Win32.Build.0 = Release|Win32
		{22DEE7E4-5829-4B77-BEEC-BE152AB0AE5C}.ApplicationDebug|Android.ActiveCfg = Debug|Win32
		{22DEE7E4-5829-4B77-BEEC-BE152AB0AE5C}.ApplicationDebug|Mixed Platforms.ActiveCfg = Debug|Win32
		{22DEE7E4-5829-4B77-BEEC-BE152AB0AE5C}.ApplicationDebug|Mixed Platforms.Build.0 = Debug|Win32
		{22DEE7E4-5829-4B77-BEEC-BE152AB0AE5C}.ApplicationDebug|Win32.ActiveCfg = Debug|Win32
		{22DEE7E4-5829-4B77-BEEC-BE152AB0AE5C}.ApplicationDebug|Win32.Build.0 = Debug|Win32
		{22DEE7E4-5829-4B77-BEEC-BE152AB0AE5C}.Debug|Android.ActiveCfg = Debug|Win32
		{22DEE7E4-5829-4B77-BEEC-BE152AB0AE5C}.Debug|Mixed Platforms.ActiveCfg = Debug|Win32
		{22DEE7E4-5829-4B77-BEEC-BE152AB0AE5C}.Debug|Mixed Platforms.Build.0 = Debug|Win32
		{22DEE7E4-5829-4B77-BEEC-BE152AB0AE5C}.Debug|Win32.ActiveCfg = Debug|Win32
		{22DEE7E4-5829-4B77-BEEC-BE152AB0AE5C}.Debug|Win32.Build.0 = Debug|Win32
		{22DEE7E4-5829-4B77-BEEC-BE152AB0AE5C}.Release|Android.ActiveCfg = Release|Win32
		{22DEE7E4-5829-4B77-BEEC-BE152AB0AE5C}.Release|Mixed Platforms.ActiveCfg = Release|Win32
		{22DEE7E4-5829-4B77-BEEC-BE152AB0AE5C}.Release|Mixed Platforms.Build.0 = Release|Win32
		{22DEE7E4-5829-4B77-BEEC-BE152AB0AE5C}.Release|Win32.ActiveCfg = Release|Win32
		{22DEE7E4-5829-4B77-BEEC-BE152AB0AE5C}.Release|Win32.Build.0 = Release|Win32
		{83C2698B-660E-42F9-8200-1FC409BB957A}.Application|Android.ActiveCfg = Release|Win32
		{83C2698B-660E-42F9-8200-1FC409BB957A}.Application|Mixed Platforms.ActiveCfg = Release|Win32
		{83C2698B-660E-42F9-8200-1FC409BB957A}.Application|Mixed Platforms.Build.0 = Release|Win32
		{83C2698B-660E-42F9-8200-1FC409BB957A}.Application|Win32.ActiveCfg = Release|Win32
		{83C2698B-660E-42F9-8200-1FC409BB957A}.Application|Win32.Build.0 = Release|Win32
		{83C2698B-660E-42F9-8200-1FC409BB957A}.ApplicationDebug|Android.ActiveCfg = Debug|Win32
		{83C2698B-660E-42F9-8200-1FC409BB957A}.ApplicationDebug|Mixed Platforms.ActiveCfg = Debug|Win32
		{83C2698B-660E-42F9-8200-1FC409BB957A}.ApplicationDebug|Mixed Platforms.Build.0 = Debug|Win32
		{83C2698B-660E-42F9-8200-1FC409BB957A}.ApplicationDebug|Win32.ActiveCfg = Debug|Win32
		{83C2698B-660E-42F9-8200-1FC409BB957A}.ApplicationDebug|Win32.Build.0 = Debug|Win32
		{83C2698B-660E-42F9-8200-1FC409BB957A}.Debug|Android.ActiveCfg = Debug|Win32
		{83C2698B-660E-42F9-8200-1FC409BB957A}.Debug|Mixed Platforms.ActiveCfg = Debug|Win32
		{83C2698B-660E-42F9-8200-1FC409BB957A}.Debug|Mixed Platforms.Build.0 = Debug|Win32
		{83C2698B-660E-42F9-8200-1FC409BB957A}.Debug|Win32.ActiveCfg = Debug|Win32
		{83C2698B-660E-42F9-8200-1FC409BB957A}.Debug|Win32.Build.0 = Debug|Win32
		{83C2698B-660E-42F9-8200-1FC409BB957A}.Release|Android.ActiveCfg = Release|Win32
		{83C2698B-660E-42F9-8200-1FC409BB957A}.Release|Mixed Platforms.ActiveCfg = Release|Win32
		{83C2698B-660E-42F9-8200-1FC409BB957A}.Release|Mixed Platforms.Build.0 = Release|Win32
		{83C2698B-660E-42F9-8200-1FC409BB957A}.Release|Win32.ActiveCfg = Release|Win32
		{83C2698B-660E-42F9-8200-1FC409BB957A}.Release|Win32.Build.0 = Release|Win32
		{8CBBC984-ABFA-471B-B0B1-44C207D78D56}.Application|Android.ActiveCfg = Release|Win32
		{8CBBC984-ABFA-471B-B0B1-44C207D78D56}.Application|Mixed Platforms.ActiveCfg = Release|Win32
		{8CBBC984-ABFA-471B-B0B1-44C207D78D56}.Application|Mixed Platforms.Build.0 = Release|Win32
		{8CBBC984-ABFA-471B-B0B1-44C207D78D56}.Application|Win32.ActiveCfg = Release|Win32
		{8CBBC984-ABFA-471B-B0B1-44C207D78D56}.Application|Win32.Build.0 = Release|Win32
		{8CBBC984-ABFA-471B-B0B1-44C207D78D56}.ApplicationDebug|Android.ActiveCfg = Debug|Win32
		{8CBBC984-ABFA-471B-B0B1-44C207D78D56}.ApplicationDebug|Mixed Platforms.ActiveCfg = Debug|Win32
		{8CBBC984-ABFA-471B-B0B1-44C207D78D56}.ApplicationDebug|Mixed Platforms.Build.0 = Debug|Win32
		{8CBBC984-ABFA-471B-B0B1-44C207D78D56}.ApplicationDebug|Win32.ActiveCfg = Debug|Win32
		{8CBBC984-ABFA-471B-B0B1-44C207D78D56}.ApplicationDebug|Win32.Build.0 = Debug|Win32
		{8CBBC984-ABFA-471B-B0B1-44C207D78D56}.Debug|Android.ActiveCfg = Debug|Win32
		{8CBBC984-ABFA-471B-B0B1-44C207D78D56}.Debug|Mixed Platforms.ActiveCfg = Debug|Win32
		{8CBBC984-ABFA-471B-B0B1-44C207D78D56}.Debug|Mixed Platforms.Build.0 = Debug|Win32
		{8CBBC984-ABFA-471B-B0B1-44C207D78D56}.Debug|Win32.ActiveCfg = Debug|Win32
		{8CBBC984-ABFA-471B-B0B1-44C207D78D56}.Debug|Win32.Build.0 = Debug|Win32
		{8CBBC984-ABFA-471B-B0B1-44C207D78D56}.Release|Android.ActiveCfg = Release|Win32
		{8CBBC984-ABFA-471B-B0B1-44C207D78D56}.Release|Mixed Platforms.ActiveCfg = Release|Win32
		{8CBBC984-ABFA-471B-B0B1-44C207D78D56}.Release|Mixed Platforms.Build.0 = Release|Win32
		{8CBBC984-ABFA-471B-B0B1-44C207D78D56}.Release|Win32.ActiveCfg = Release|Win32
		{8CBBC984-ABFA-471B-B0B1-44C207D78D56}.Release|Win32.Build.0 = Release|Win32
		{790A8356-123A-4A4A-9BA7-9B7FD1734461}.Application|Android.ActiveCfg = Release|Win32
		{790A8356-123A-4A4A-9BA7-9B7FD1734461}.Application|Mixed Platforms.ActiveCfg = Release|Win32
		{790A8356-123A-4A4A-9BA7-9B7FD1734461}.Application|Mixed Platforms.Build.0 = Release|Win32
		{790A8356-123A-4A4A-9BA7-9B7FD1734461}.Application|Win32.ActiveCfg = Release|Win32
		{790A8356-123A-4A4A-9BA7-9B7FD1734461}.Application|Win32.Build.0 = Release|Win32
		{790A8356-123A-4A4A-9BA7-9B7FD1734461}.ApplicationDebug|Android.ActiveCfg = Debug|Win32
		{790A8356-123A-4A4A-9BA7-9B7FD1734461}.ApplicationDebug|Mixed Platforms.ActiveCfg = Debug|Win32
		{790A8356-123A-4A4A-9BA7-9B7FD1734461}.ApplicationDebug|Mixed Platforms.Build.0 = Debug|Win32
		{790A8356-123A-4A4A-9BA7-9B7FD1734461}.ApplicationDebug|Win32.ActiveCfg = Debug|Win32
		{790A8356-123A-4A4A-9BA7-9B7FD1734461}.ApplicationDebug|Win32.Build.0 = Debug|Win32
		{790A8356-123A-4A4A-9BA7-9B7FD1734461}.Debug|Android.ActiveCfg = Debug|Win32
		{790A8356-123A-4A4A-9BA7-9B7FD1734461}.Debug|Mixed Platforms.ActiveCfg = Debug|Win32
		{790A8356-123A-4A4A-9BA7-9B7FD1734461}.Debug|Mixed Platforms.Build.0 = Debug|Win32
		{790A8356-123A-4A4A-9BA7-9B7FD1734461}.Debug|Win32.ActiveCfg = Debug|Win32
		{790A8356-123A-4A4A-9BA7-9B7FD1734461}.Debug|Win32.Build.0 = Debug|Win32
		{790A8356-123A-4A4A-9BA7-9B7FD1734461}.Release|Android.ActiveCfg = Release|Win32
		{790A8356-123A-4A4A-9BA7-9B7FD1734461}.Release|Mixed Platforms.ActiveCfg = Release|Win32
		{790A8356-123A-4A4A-9BA7-9B7FD1734461}.Release|Mixed Platforms.Build.0 = Release|Win32
		{790A8356-123A-4A4A-9BA7-9B7FD1734461}.Release|Win32.ActiveCfg = Release|Win32
		{790A8356-123A-4A4A-9BA7-9B7FD1734461}.Release|Win32.Build.0 = Release|Win32
		{7B06E472-1593-45BD-A176-7D5F280F3E90}.Application|Android.ActiveCfg = Release|Win32
		{7B06E472-1593-45BD-A176-7D5F280F3E90}.Application|Mixed Platforms.ActiveCfg = Release|Win32
		{7B06E472-1593-45BD-A176-7D5F280F3E90}.Application|Mixed Platforms.Build.0 = Release|Win32
		{7B06E472-1593-45BD-A176-7D5F280F3E90}.Application|Win32.ActiveCfg = Release|Win32
		{7B06E472-1593-45BD-A176-7D5F280F3E90}.Application|Win32.Build.0 = Release|Win32
		{7B06E472-1593-45BD-A176-7D5F280F3E90}.ApplicationDebug|Android.ActiveCfg = Debug|Win32
		{7B06E472-1593-45BD-A176-7D5F280F3E90}.ApplicationDebug|Mixed Platforms.ActiveCfg = Debug|Win32
		{7B06E472-1593-45BD-A176-7D5F280F3E90}.ApplicationDebug|Mixed Platforms.Build.0 = Debug|Win32
		{7B06E472-1593-45BD-A176-7D5F280F3E90}.ApplicationDebug|Win32.ActiveCfg = Debug|Win32
		{7B06E472-1593-45BD-A176-7D5F280F3E90}.ApplicationDebug|Win32.Build.0 = Debug|Win32
		{7B06E472-1593-45BD-A176-7D5F280F3E90}.Debug|Android.ActiveCfg = Debug|Win32
		{7B06E472-1593-45BD-A176-7D5F280F3E90}.Debug|Mixed Platforms.ActiveCfg = Debug|Win32
		{7B06E472-1593-45BD-A176-7D5F280F3E90}.Debug|Mixed Platforms.Build.0 = Debug|Win32
		{7B06E472-1593-45BD-A176-7D5F280F3E90}.Debug|Win32.ActiveCfg = Debug|Win32
		{7B06E472-1593-45BD-A176-7D5F280F3E90}.Debug|Win32.Build.0 = Debug|Win32
		{7B06E472-1593-45BD-A176-7D5F280F3E90}.Release|Android.ActiveCfg = Release|Win32
		{7B06E472-1593-45BD-A176-7D5F280F3E90}.Release|Mixed Platforms.ActiveCfg = Release|Win32
		{7B06E472-1593-45BD-A176-7D5F280F3E90}.Release|Mixed Platforms.Build.0 = Release|Win32
		{7B06E472-1593-45BD-A176-7D5F280F3E90}.Release|Win32.ActiveCfg = Release|Win32
		{7B06E472-1593-45BD-A176-7D5F280F3E90}.Release|Win32.Build.0 = Release|Win32
		{900A45BF-7C1F-4472-8401-8FEC06BEE2E5}.Application|Android.ActiveCfg = Release|Win32
		{900A45BF-7C1F-4472-8401-8FEC06BEE2E5}.Application|Mixed Platforms.ActiveCfg = Release|Win32
		{900A45BF-7C1F-4472-8401-8FEC06BEE2E5}.Application|Mixed Platforms.Build.0 = Release|Win32
		{900A45BF-7C1F-4472-8401-8FEC06BEE2E5}.Application|Win32.ActiveCfg = Release|Win32
		{900A45BF-7C1F-4472-8401-8FEC06BEE2E5}.Application|Win32.Build.0 = Release|Win32
		{900A45BF-7C1F-4472-8401-8FEC06BEE2E5}.ApplicationDebug|Android.ActiveCfg = Debug|Win32
		{900A45BF-7C1F-4472-8401-8FEC06BEE2E5}.ApplicationDebug|Mixed Platforms.ActiveCfg = Debug|Win32
		{900A45BF-7C1F-4472-8401-8FEC06BEE2E5}.ApplicationDebug|Mixed Platforms.Build.0 = Debug|Win32
		{900A45BF-7C1F-4472-8401-8FEC06BEE2E5}.ApplicationDebug|Win32.ActiveCfg = Debug|Win32
		{900A45BF-7C1F-4472-8401-8FEC06BEE2E5}.ApplicationDebug|Win32.Build.0 = Debug|Win32
		{900A45BF-7C1F-4472-8401-8FEC06BEE2E5}.Debug|Android.ActiveCfg = Debug|Win32
		{900A45BF-7C1F-4472-8401-8FEC06BEE2E5}.Debug|Mixed Platforms.ActiveCfg = Debug|Win32
		{900A45BF-7C1F-4472-8401-8FEC06BEE2E5}.Debug|Mixed Platforms.Build.0 = Debug|Win32
		{900A45BF-7C1F-4472-8401-8FEC06BEE2E5}.Debug|Win32.ActiveCfg = Debug|Win32
		{900A45BF-7C1F-4472-8401-8FEC06BEE2E5}.Debug|Win32.Build.0 = Debug|Win32
		{900A45BF-7C1F-4472-8401-8FEC06BEE2E5}.Release|Android.ActiveCfg = Release|Win32
		{900A45BF-7C1F-4472-8401-8FEC06BEE2E5}.Release|Mixed Platforms.ActiveCfg = Release|Win32
		{900A45BF-7C1F-4472-8401-8FEC06BEE2E5}.Release|Mixed Platforms.Build.0 = Release|Win32
		{900A45BF-7C1F-4472-8401-8FEC06BEE2E5}.Release|Win32.ActiveCfg = Release|Win32
		{900A45BF-7C1F-4472-8401-8FEC06BEE2E5}.Release|Win32.Build.0 = Release|Win32
		{A3EB4EE5-890F-4148-996E-355F464FEE8F}.Application|Android.ActiveCfg = Release|Win32
		{A3EB4EE5-890F-4148-996E-355F464FEE8F}.Application|Mixed Platforms.ActiveCfg = Release|Win32
		{A3EB4EE5-890F-4148-996E-355F464FEE8F}.Application|Mixed Platforms.Build.0 = Release|Win32
		{A3EB4EE5-890F-4148-996E-355F464FEE8F}.Application|Win32.ActiveCfg = Release|Win32
		{A3EB4EE5-890F-4148-996E-355F464FEE8F}.Application|Win32.Build.0 = Release|Win32
		{A3EB4EE5-890F-4148-996E-355F464FEE8F}.ApplicationDebug|Android.ActiveCfg = Debug|Win32
		{A3EB4EE5-890F-4148-996E-355F464FEE8F}.ApplicationDebug|Mixed Platforms.ActiveCfg = Debug|Win32
		{A3EB4EE5-890F-4148-996E-355F464FEE8F}.ApplicationDebug|Mixed Platforms.Build.0 = Debug|Win32
		{A3EB4EE5-890F-4148-996E-355F464FEE8F}.ApplicationDebug|Win32.ActiveCfg = Debug|Win32
		{A3EB4EE5-890F-4148-996E-355F464FEE8F}.ApplicationDebug|Win32.Build.0 = Debug|Win32
		{A3EB4EE5-890F-4148-996E-355F464FEE8F}.Debug|Android.ActiveCfg = Debug|Win32
		{A3EB4EE5-890F-4148-996E-355F464FEE8F}.Debug|Mixed Platforms.ActiveCfg = Debug|Win32
		{A3EB4EE5-890F-4148-996E-355F464FEE8F}.Debug|Mixed Platforms.Build.0 = Debug|Win32
		{A3EB4EE5-890F-4148-996E-355F464FEE8F}.Debug|Win32.ActiveCfg = Debug|Win32
		{A3EB4EE5-890F-4148-996E-355F464FEE8F}.Debug|Win32.Build.0 = Debug|Win32
		{A3EB4EE5-890F-4148-996E-355F464FEE8F}.Release|Android.ActiveCfg = Release|Win32
		{A3EB4EE5-890F-4148-996E-355F464FEE8F}.Release|Mixed Platforms.ActiveCfg = Release|Win32
		{A3EB4EE5-890F-4148-996E-355F464FEE8F}.Release|Mixed Platforms.Build.0 = Release|Win32
		{A3EB4EE5-890F-4148-996E-355F464FEE8F}.Release|Win32.ActiveCfg = Release|Win32
		{A3EB4EE5-890F-4148-996E-355F464FEE8F}.Release|Win32.Build.0 = Release|Win32
		{4ABE820D-33E6-4D8E-815C-322612F33AE9}.Application|Android.ActiveCfg = Release|Win32
		{4ABE820D-33E6-4D8E-815C-322612F33AE9}.Application|Mixed Platforms.ActiveCfg = Release|Win32
		{4ABE820D-33E6-4D8E-815C-322612F33AE9}.Application|Mixed Platforms.Build.0 = Release|Win32
		{4ABE820D-33E6-4D8E-815C-322612F33AE9}.Application|Win32.ActiveCfg = Release|Win32
		{4ABE820D-33E6-4D8E-815C-322612F33AE9}.Application|Win32.Build.0 = Release|Win32
		{4ABE820D-33E6-4D8E-815C-322612F33AE9}.ApplicationDebug|Android.ActiveCfg = Debug|Win32
		{4ABE820D-33E6-4D8E-815C-322612F33AE9}.ApplicationDebug|Mixed Platforms.ActiveCfg = Debug|Win32
		{4ABE820D-33E6-4D8E-815C-322612F33AE9}.ApplicationDebug|Mixed Platforms.Build.0 = Debug|Win32
		{4ABE820D-33E6-4D8E-815C-322612F33AE9}.ApplicationDebug|Win32.ActiveCfg = Debug|Win32
		{4ABE820D-33E6-4D8E-815C-322612F33AE9}.ApplicationDebug|Win32.Build.0 = Debug|Win32
		{4ABE820D-33E6-4D8E-815C-322612F33AE9}.Debug|Android.ActiveCfg = Debug|Win32
		{4ABE820D-33E6-4D8E-815C-322612F33AE9}.Debug|Mixed Platforms.ActiveCfg = Debug|Win32
		{4ABE820D-33E6-4D8E-815C-322612F33AE9}.Debug|Mixed Platforms.Build.0 = Debug|Win32
		{4ABE820D-33E6-4D8E-815C-322612F33AE9}.Debug|Win32.ActiveCfg = Debug|Win32
		{4ABE820D-33E6-4D8E-815C-322612F33AE9}.Debug|Win32.Build.0 = Debug|Win32
		{4ABE820D-33E6-4D8E-815C-322612F33AE9}.Release|Android.ActiveCfg = Release|Win32
		{4ABE820D-33E6-4D8E-815C-322612F33AE9}.Release|Mixed Platforms.ActiveCfg = Release|Win32
		{4ABE820D-33E6-4D8E-815C-322612F33AE9}.Release|Mixed Platforms.Build.0 = Release|Win32
		{4ABE820D-33E6-4D8E-815C-322612F33AE9}.Release|Win32.ActiveCfg = Release|Win32
		{4ABE820D-33E6-4D8E-815C-322612F33AE9}.Release|Win32.Build.0 = Release|Win32
		{161E529F-2CA4-4B39-BC06-8ECF6D9F70BB}.Application|Android.ActiveCfg = Release|Win32
		{161E529F-2CA4-4B39-BC06-8ECF6D9F70BB}.Application|Mixed Platforms.ActiveCfg = Release|Win32
		{161E529F-2CA4-4B39-BC06-8ECF6D9F70BB}.Application|Mixed Platforms.Build.0 = Release|Win32
		{161E529F-2CA4-4B39-BC06-8ECF6D9F70BB}.Application|Win32.ActiveCfg = Release|Win32
		{161E529F-2CA4-4B39-BC06-8ECF6D9F70BB}.Application|Win32.Build.0 = Release|Win32
		{161E529F-2CA4-4B39-BC06-8ECF6D9F70BB}.ApplicationDebug|Android.ActiveCfg = Debug|Win32
		{161E529F-2CA4-4B39-BC06-8ECF6D9F70BB}.ApplicationDebug|Mixed Platforms.ActiveCfg = Debug|Win32
		{161E529F-2CA4-4B39-BC06-8ECF6D9F70BB}.ApplicationDebug|Mixed Platforms.Build.0 = Debug|Win32
		{161E529F-2CA4-4B39-BC06-8ECF6D9F70BB}.ApplicationDebug|Win32.ActiveCfg = Debug|Win32
		{161E529F-2CA4-4B39-BC06-8ECF6D9F70BB}.ApplicationDebug|Win32.Build.0 = Debug|Win32
		{161E529F-2CA4-4B39-BC06-8ECF6D9F70BB}.Debug|Android.ActiveCfg = Debug|Win32
		{161E529F-2CA4-4B39-BC06-8ECF6D9F70BB}.Debug|Mixed Platforms.ActiveCfg = Debug|Win32
		{161E529F-2CA4-4B39-BC06-8ECF6D9F70BB}.Debug|Mixed Platforms.Build.0 = Debug|Win32
		{161E529F-2CA4-4B39-BC06-8ECF6D9F70BB}.Debug|Win32.ActiveCfg = Debug|Win32
		{161E529F-2CA4-4B39-BC06-8ECF6D9F70BB}.Debug|Win32.Build.0 = Debug|Win32
		{161E529F-2CA4-4B39-BC06-8ECF6D9F70BB}.Release|Android.ActiveCfg = Release|Win32
		{161E529F-2CA4-4B39-BC06-8ECF6D9F70BB}.Release|Mixed Platforms.ActiveCfg = Release|Win32
		{161E529F-2CA4-4B39-BC06-8ECF6D9F70BB}.Release|Mixed Platforms.Build.0 = Release|Win32
		{161E529F-2CA4-4B39-BC06-8ECF6D9F70BB}.Release|Win32.ActiveCfg = Release|Win32
		{161E529F-2CA4-4B39-BC06-8ECF6D9F70BB}.Release|Win32.Build.0 = Release|Win32
		{CC11359F-7767-48E7-8C37-029E8E614667}.Application|Android.ActiveCfg = Release|Win32
		{CC11359F-7767-48E7-8C37-029E8E614667}.Application|Mixed Platforms.ActiveCfg = Release|Win32
		{CC11359F-7767-48E7-8C37-029E8E614667}.Application|Mixed Platforms.Build.0 = Release|Win32
		{CC11359F-7767-48E7-8C37-029E8E614667}.Application|Win32.ActiveCfg = Release|Win32
		{CC11359F-7767-48E7-8C37-029E8E614667}.Application|Win32.Build.0 = Release|Win32
		{CC11359F-7767-48E7-8C37-029E8E614667}.ApplicationDebug|Android.ActiveCfg = Debug|Win32
		{CC11359F-7767-48E7-8C37-029E8E614667}.ApplicationDebug|Mixed Platforms.ActiveCfg = Debug|Win32
		{CC11359F-7767-48E7-8C37-029E8E614667}.ApplicationDebug|Mixed Platforms.Build.0 = Debug|Win32
		{CC11359F-7767-48E7-8C37-029E8E614667}.ApplicationDebug|Win32.ActiveCfg = Debug|Win32
		{CC11359F-7767-48E7-8C37-029E8E614667}.ApplicationDebug|Win32.Build.0 = Debug|Win32
		{CC11359F-7767-48E7-8C37-029E8E614667}.Debug|Android.ActiveCfg = Debug|Win32
		{CC11359F-7767-48E7-8C37-029E8E614667}.Debug|Mixed Platforms.ActiveCfg = Debug|Win32
		{CC11359F-7767-48E7-8C37-029E8E614667}.Debug|Mixed Platforms.Build.0 = Debug|Win32
		{CC11359F-7767-48E7-8C37-029E8E614667}.Debug|Win32.ActiveCfg = Debug|Win32
		{CC11359F-7767-48E7-8C37-029E8E614667}.Debug|Win32.Build.0 = Debug|Win32
		{CC11359F-7767-48E7-8C37-029E8E614667}.Release|Android.ActiveCfg = Release|Win32
		{CC11359F-7767-48E7-8C37-029E8E614667}.Release|Mixed Platforms.ActiveCfg = Release|Win32
		{CC11359F-7767-48E7-8C37-029E8E614667}.Release|Mixed Platforms.Build.0 = Release|Win32
		{CC11359F-7767-48E7-8C37-029E8E614667}.Release|Win32.ActiveCfg = Release|Win32
		{CC11359F-7767-48E7-8C37-029E8E614667}.Release|Win32.Build.0 = Release|Win32
		{49ED7C13-3BC3-460D-B332-B97E82B1FEFE}.Application|Android.ActiveCfg = Release|Win32
		{49ED7C13-3BC3-460D-B332-B97E82B1FEFE}.Application|Mixed Platforms.ActiveCfg = Release|Win32
		{49ED7C13-3BC3-460D-B332-B97E82B1FEFE}.Application|Mixed Platforms.Build.0 = Release|Win32
		{49ED7C13-3BC3-460D-B332-B97E82B1FEFE}.Application|Win32.ActiveCfg = Release|Win32
		{49ED7C13-3BC3-460D-B332-B97E82B1FEFE}.Application|Win32.Build.0 = Release|Win32
		{49ED7C13-3BC3-460D-B332-B97E82B1FEFE}.ApplicationDebug|Android.ActiveCfg = Debug|Win32
		{49ED7C13-3BC3-460D-B332-B97E82B1FEFE}.ApplicationDebug|Mixed Platforms.ActiveCfg = Debug|Win32
		{49ED7C13-3BC3-460D-B332-B97E82B1FEFE}.ApplicationDebug|Mixed Platforms.Build.0 = Debug|Win32
		{49ED7C13-3BC3-460D-B332-B97E82B1FEFE}.ApplicationDebug|Win32.ActiveCfg = Debug|Win32
		{49ED7C13-3BC3-460D-B332-B97E82B1FEFE}.ApplicationDebug|Win32.Build.0 = Debug|Win32
		{49ED7C13-3BC3-460D-B332-B97E82B1FEFE}.Debug|Android.ActiveCfg = Debug|Win32
		{49ED7C13-3BC3-460D-B332-B97E82B1FEFE}.Debug|Mixed Platforms.ActiveCfg = Debug|Win32
		{49ED7C13-3BC3-460D-B332-B97E82B1FEFE}.Debug|Mixed Platforms.Build.0 = Debug|Win32
		{49ED7C13-3BC3-460D-B332-B97E82B1FEFE}.Debug|Win32.ActiveCfg = Debug|Win32
		{49ED7C13-3BC3-460D-B332-B97E82B1FEFE}.Debug|Win32.Build.0 = Debug|Win32
		{49ED7C13-3BC3-460D-B332-B97E82B1FEFE}.Release|Android.ActiveCfg = Release|Win32
		{49ED7C13-3BC3-460D-B332-B97E82B1FEFE}.Release|Mixed Platforms.ActiveCfg = Release|Win32
		{49ED7C13-3BC3-460D-B332-B97E82B1FEFE}.Release|Mixed Platforms.Build.0 = Release|Win32
		{49ED7C13-3BC3-460D-B332-B97E82B1FEFE}.Release|Win32.ActiveCfg = Release|Win32
		{49ED7C13-3BC3-460D-B332-B97E82B1FEFE}.Release|Win32.Build.0 = Release|Win32
		{CF1EFDDB-C9DD-471D-8BE6-8559F4740592}.Application|Android.ActiveCfg = Release|Win32
		{CF1EFDDB-C9DD-471D-8BE6-8559F4740592}.Application|Mixed Platforms.ActiveCfg = Release|Win32
		{CF1EFDDB-C9DD-471D-8BE6-8559F4740592}.Application|Mixed Platforms.Build.0 = Release|Win32
		{CF1EFDDB-C9DD-471D-8BE6-8559F4740592}.Application|Win32.ActiveCfg = Release|Win32
		{CF1EFDDB-C9DD-471D-8BE6-8559F4740592}.Application|Win32.Build.0 = Release|Win32
		{CF1EFDDB-C9DD-471D-8BE6-8559F4740592}.ApplicationDebug|Android.ActiveCfg = Debug|Win32
		{CF1EFDDB-C9DD-471D-8BE6-8559F4740592}.ApplicationDebug|Mixed Platforms.ActiveCfg = Debug|Win32
		{CF1EFDDB-C9DD-471D-8BE6-8559F4740592}.ApplicationDebug|Mixed Platforms.Build.0 = Debug|Win32
		{CF1EFDDB-C9DD-471D-8BE6-8559F4740592}.ApplicationDebug|Win32.ActiveCfg = Debug|Win32
		{CF1EFDDB-C9DD-471D-8BE6-8559F4740592}.ApplicationDebug|Win32.Build.0 = Debug|Win32
		{CF1EFDDB-C9DD-471D-8BE6-8559F4740592}.Debug|Android.ActiveCfg = Debug|Win32
		{CF1EFDDB-C9DD-471D-8BE6-8559F4740592}.Debug|Mixed Platforms.ActiveCfg = Debug|Win32
		{CF1EFDDB-C9DD-471D-8BE6-8559F4740592}.Debug|Mixed Platforms.Build.0 = Debug|Win32
		{CF1EFDDB-C9DD-471D-8BE6-8559F4740592}.Debug|Win32.ActiveCfg = Debug|Win32
		{CF1EFDDB-C9DD-471D-8BE6-8559F4740592}.Debug|Win32.Build.0 = Debug|Win32
		{CF1EFDDB-C9DD-471D-8BE6-8559F4740592}.Release|Android.ActiveCfg = Release|Win32
		{CF1EFDDB-C9DD-471D-8BE6-8559F4740592}.Release|Mixed Platforms.ActiveCfg = Release|Win32
		{CF1EFDDB-C9DD-471D-8BE6-8559F4740592}.Release|Mixed Platforms.Build.0 = Release|Win32
		{CF1EFDDB-C9DD-471D-8BE6-8559F4740592}.Release|Win32.ActiveCfg = Release|Win32
		{CF1EFDDB-C9DD-471D-8BE6-8559F4740592}.Release|Win32.Build.0 = Release|Win32
		{ECD043A8-44EA-4BB0-AA37-F62D09BC9A31}.Application|Android.ActiveCfg = Release|Win32
		{ECD043A8-44EA-4BB0-AA37-F62D09BC9A31}.Application|Mixed Platforms.ActiveCfg = Release|Win32
		{ECD043A8-44EA-4BB0-AA37-F62D09BC9A31}.Application|Mixed Platforms.Build.0 = Release|Win32
		{ECD043A8-44EA-4BB0-AA37-F62D09BC9A31}.Application|Win32.ActiveCfg = Release|Win32
		{ECD043A8-44EA-4BB0-AA37-F62D09BC9A31}.Application|Win32.Build.0 = Release|Win32
		{ECD043A8-44EA-4BB0-AA37-F62D09BC9A31}.ApplicationDebug|Android.ActiveCfg = Debug|Win32
		{ECD043A8-44EA-4BB0-AA37-F62D09BC9A31}.ApplicationDebug|Mixed Platforms.ActiveCfg = Debug|Win32
		{ECD043A8-44EA-4BB0-AA37-F62D09BC9A31}.ApplicationDebug|Mixed Platforms.Build.0 = Debug|Win32
		{ECD043A8-44EA-4BB0-AA37-F62D09BC9A31}.ApplicationDebug|Win32.ActiveCfg = Debug|Win32
		{ECD043A8-44EA-4BB0-AA37-F62D09BC9A31}.ApplicationDebug|Win32.Build.0 = Debug|Win32
		{ECD043A8-44EA-4BB0-AA37-F62D09BC9A31}.Debug|Android.ActiveCfg = Debug|Win32
		{ECD043A8-44EA-4BB0-AA37-F62D09BC9A31}.Debug|Mixed Platforms.ActiveCfg = Debug|Win32
		{ECD043A8-44EA-4BB0-AA37-F62D09BC9A31}.Debug|Mixed Platforms.Build.0 = Debug|Win32
		{ECD043A8-44EA-4BB0-AA37-F62D09BC9A31}.Debug|Win32.ActiveCfg = Debug|Win32
		{ECD043A8-44EA-4BB0-AA37-F62D09BC9A31}.Debug|Win32.Build.0 = Debug|Win32
		{ECD043A8-44EA-4BB0-AA37-F62D09BC9A31}.Release|Android.ActiveCfg = Release|Win32
		{ECD043A8-44EA-4BB0-AA37-F62D09BC9A31}.Release|Mixed Platforms.ActiveCfg = Release|Win32
		{ECD043A8-44EA-4BB0-AA37-F62D09BC9A31}.Release|Mixed Platforms.Build.0 = Release|Win32
		{ECD043A8-44EA-4BB0-AA37-F62D09BC9A31}.Release|Win32.ActiveCfg = Release|Win32
		{ECD043A8-44EA-4BB0-AA37-F62D09BC9A31}.Release|Win32.Build.0 = Release|Win32
		{B0D7E3CD-DF08-4461-8A6F-CE49476BFAFE}.Application|Android.ActiveCfg = Release|Win32
		{B0D7E3CD-DF08-4461-8A6F-CE49476BFAFE}.Application|Mixed Platforms.ActiveCfg = Release|Win32
		{B0D7E3CD-DF08-4461-8A6F-CE49476BFAFE}.Application|Mixed Platforms.Build.0 = Release|Win32
		{B0D7E3CD-DF08-4461-8A6F-CE49476BFAFE}.Application|Win32.ActiveCfg = Release|Win32
		{B0D7E3CD-DF08-4461-8A6F-CE49476BFAFE}.Application|Win32.Build.0 = Release|Win32
		{B0D7E3CD-DF08-4461-8A6F-CE49476BFAFE}.ApplicationDebug|Android.ActiveCfg = Debug|Win32
		{B0D7E3CD-DF08-4461-8A6F-CE49476BFAFE}.ApplicationDebug|Mixed Platforms.ActiveCfg = Debug|Win32
		{B0D7E3CD-DF08-4461-8A6F-CE49476BFAFE}.ApplicationDebug|Mixed Platforms.Build.0 = Debug|Win32
		{B0D7E3CD-DF08-4461-8A6F-CE49476BFAFE}.ApplicationDebug|Win32.ActiveCfg = Debug|Win32
		{B0D7E3CD-DF08-4461-8A6F-CE49476BFAFE}.ApplicationDebug|Win32.Build.0 = Debug|Win32
		{B0D7E3CD-DF08-4461-8A6F-CE49476BFAFE}.Debug|Android.ActiveCfg = Debug|Win32
		{B0D7E3CD-DF08-4461-8A6F-CE49476BFAFE}.Debug|Mixed Platforms.ActiveCfg = Debug|Win32
		{B0D7E3CD-DF08-4461-8A6F-CE49476BFAFE}.Debug|Mixed Platforms.Build.0 = Debug|Win32
		{B0D7E3CD-DF08-4461-8A6F-CE49476BFAFE}.Debug|Win32.ActiveCfg = Debug|Win32
		{B0D7E3CD-DF08-4461-8A6F-CE49476BFAFE}.Debug|Win32.Build.0 = Debug|Win32
		{B0D7E3CD-DF08-4461-8A6F-CE49476BFAFE}.Release|Android.ActiveCfg = Release|Win32
		{B0D7E3CD-DF08-4461-8A6F-CE49476BFAFE}.Release|Mixed Platforms.ActiveCfg = Release|Win32
		{B0D7E3CD-DF08-4461-8A6F-CE49476BFAFE}.Release|Mixed Platforms.Build.0 = Release|Win32
		{B0D7E3CD-DF08-4461-8A6F-CE49476BFAFE}.Release|Win32.ActiveCfg = Release|Win32
		{B0D7E3CD-DF08-4461-8A6F-CE49476BFAFE}.Release|Win32.Build.0 = Release|Win32
		{F0A24F23-6C26-44C9-83E5-042E6169DA7C}.Application|Android.ActiveCfg = Release|Win32
		{F0A24F23-6C26-44C9-83E5-042E6169DA7C}.Application|Mixed Platforms.ActiveCfg = Release|Win32
		{F0A24F23-6C26-44C9-83E5-042E6169DA7C}.Application|Mixed Platforms.Build.0 = Release|Win32
		{F0A24F23-6C26-44C9-83E5-042E6169DA7C}.Application|Win32.ActiveCfg = Release|Win32
		{F0A24F23-6C26-44C9-83E5-042E6169DA7C}.Application|Win32.Build.0 = Release|Win32
		{F0A24F23-6C26-44C9-83E5-042E6169DA7C}.ApplicationDebug|Android.ActiveCfg = Debug|Win32
		{F0A24F23-6C26-44C9-83E5-042E6169DA7C}.ApplicationDebug|Mixed Platforms.ActiveCfg = Debug|Win32
		{F0A24F23-6C26-44C9-83E5-042E6169DA7C}.ApplicationDebug|Mixed Platforms.Build.0 = Debug|Win32
		{F0A24F23-6C26-44C9-83E5-042E6169DA7C}.ApplicationDebug|Win32.ActiveCfg = Debug|Win32
		{F0A24F23-6C26-44C9-83E5-042E6169DA7C}.ApplicationDebug|Win32.Build.0 = Debug|Win32
		{F0A24F23-6C26-44C9-83E5-042E6169DA7C}.Debug|Android.ActiveCfg = Debug|Win32
		{F0A24F23-6C26-44C9-83E5-042E6169DA7C}.Debug|Mixed Platforms.ActiveCfg = Debug|Win32
		{F0A24F23-6C26-44C9-83E5-042E6169DA7C}.Debug|Mixed Platforms.Build.0 = Debug|Win32
		{F0A24F23-6C26-44C9-83E5-042E6169DA7C}.Debug|Win32.ActiveCfg = Debug|Win32
		{F0A24F23-6C26-44C9-83E5-042E6169DA7C}.Debug|Win32.Build.0 = Debug|Win32
		{F0A24F23-6C26-44C9-83E5-042E6169DA7C}.Release|Android.ActiveCfg = Release|Win32
		{F0A24F23-6C26-44C9-83E5-042E6169DA7C}.Release|Mixed Platforms.ActiveCfg = Release|Win32
		{F0A24F23-6C26-44C9-83E5-042E6169DA7C}.Release|Mixed Platforms.Build.0 = Release|Win32
		{F0A24F23-6C26-44C9-83E5-042E6169DA7C}.Release|Win32.ActiveCfg = Release|Win32
		{F0A24F23-6C26-44C9-83E5-042E6169DA7C}.Release|Win32.Build.0 = Release|Win32
		{39F70151-1DDB-4DB0-AA34-A83D8429A88E}.Application|Android.ActiveCfg = Release|Win32
		{39F70151-1DDB-4DB0-AA34-A83D8429A88E}.Application|Mixed Platforms.ActiveCfg = Release|Win32
		{39F70151-1DDB-4DB0-AA34-A83D8429A88E}.Application|Mixed Platforms.Build.0 = Release|Win32
		{39F70151-1DDB-4DB0-AA34-A83D8429A88E}.Application|Win32.ActiveCfg = Release|Win32
		{39F70151-1DDB-4DB0-AA34-A83D8429A88E}.Application|Win32.Build.0 = Release|Win32
		{39F70151-1DDB-4DB0-AA34-A83D8429A88E}.ApplicationDebug|Android.ActiveCfg = Debug|Win32
		{39F70151-1DDB-4DB0-AA34-A83D8429A88E}.ApplicationDebug|Mixed Platforms.ActiveCfg = Debug|Win32
		{39F70151-1DDB-4DB0-AA34-A83D8429A88E}.ApplicationDebug|Mixed Platforms.Build.0 = Debug|Win32
		{39F70151-1DDB-4DB0-AA34-A83D8429A88E}.ApplicationDebug|Win32.ActiveCfg = Debug|Win32
		{39F70151-1DDB-4DB0-AA34-A83D8429A88E}.ApplicationDebug|Win32.Build.0 = Debug|Win32
		{39F70151-1DDB-4DB0-AA34-A83D8429A88E}.Debug|Android.ActiveCfg = Debug|Win32
		{39F70151-1DDB-4DB0-AA34-A83D8429A88E}.Debug|Mixed Platforms.ActiveCfg = Debug|Win32
		{39F70151-1DDB-4DB0-AA34-A83D8429A88E}.Debug|Mixed Platforms.Build.0 = Debug|Win32
		{39F70151-1DDB-4DB0-AA34-A83D8429A88E}.Debug|Win32.ActiveCfg = Debug|Win32
		{39F70151-1DDB-4DB0-AA34-A83D8429A88E}.Debug|Win32.Build.0 = Debug|Win32
		{39F70151-1DDB-4DB0-AA34-A83D8429A88E}.Release|Android.ActiveCfg = Release|Win32
		{39F70151-1DDB-4DB0-AA34-A83D8429A88E}.Release|Mixed Platforms.ActiveCfg = Release|Win32
		{39F70151-1DDB-4DB0-AA34-A83D8429A88E}.Release|Mixed Platforms.Build.0 = Release|Win32
		{39F70151-1DDB-4DB0-AA34-A83D8429A88E}.Release|Win32.ActiveCfg = Release|Win32
		{39F70151-1DDB-4DB0-AA34-A83D8429A88E}.Release|Win32.Build.0 = Release|Win32
		{E8430F03-C107-4E89-91F3-AFDD107990C7}.Application|Android.ActiveCfg = Release|Win32
		{E8430F03-C107-4E89-91F3-AFDD107990C7}.Application|Mixed Platforms.ActiveCfg = Release|Win32
		{E8430F03-C107-4E89-91F3-AFDD107990C7}.Application|Mixed Platforms.Build.0 = Release|Win32
		{E8430F03-C107-4E89-91F3-AFDD107990C7}.Application|Win32.ActiveCfg = Release|Win32
		{E8430F03-C107-4E89-91F3-AFDD107990C7}.Application|Win32.Build.0 = Release|Win32
		{E8430F03-C107-4E89-91F3-AFDD107990C7}.ApplicationDebug|Android.ActiveCfg = Debug|Win32
		{E8430F03-C107-4E89-91F3-AFDD107990C7}.ApplicationDebug|Mixed Platforms.ActiveCfg = Debug|Win32
		{E8430F03-C107-4E89-91F3-AFDD107990C7}.ApplicationDebug|Mixed Platforms.Build.0 = Debug|Win32
		{E8430F03-C107-4E89-91F3-AFDD107990C7}.ApplicationDebug|Win32.ActiveCfg = Debug|Win32
		{E8430F03-C107-4E89-91F3-AFDD107990C7}.ApplicationDebug|Win32.Build.0 = Debug|Win32
		{E8430F03-C107-4E89-91F3-AFDD107990C7}.Debug|Android.ActiveCfg = Debug|Win32
		{E8430F03-C107-4E89-91F3-AFDD107990C7}.Debug|Mixed Platforms.ActiveCfg = Debug|Win32
		{E8430F03-C107-4E89-91F3-AFDD107990C7}.Debug|Mixed Platforms.Build.0 = Debug|Win32
		{E8430F03-C107-4E89-91F3-AFDD107990C7}.Debug|Win32.ActiveCfg = Debug|Win32
		{E8430F03-C107-4E89-91F3-AFDD107990C7}.Debug|Win32.Build.0 = Debug|Win32
		{E8430F03-C107-4E89-91F3-AFDD107990C7}.Release|Android.ActiveCfg = Release|Win32
		{E8430F03-C107-4E89-91F3-AFDD107990C7}.Release|Mixed Platforms.ActiveCfg = Release|Win32
		{E8430F03-C107-4E89-91F3-AFDD107990C7}.Release|Mixed Platforms.Build.0 = Release|Win32
		{E8430F03-C107-4E89-91F3-AFDD107990C7}.Release|Win32.ActiveCfg = Release|Win32
		{E8430F03-C107-4E89-91F3-AFDD107990C7}.Release|Win32.Build.0 = Release|Win32
		{263FB41E-66AF-47FE-A7FF-9109B2B77A31}.Application|Android.ActiveCfg = Release|Win32
		{263FB41E-66AF-47FE-A7FF-9109B2B77A31}.Application|Mixed Platforms.ActiveCfg = Release|Win32
		{263FB41E-66AF-47FE-A7FF-9109B2B77A31}.Application|Mixed Platforms.Build.0 = Release|Win32
		{263FB41E-66AF-47FE-A7FF-9109B2B77A31}.Application|Win32.ActiveCfg = Release|Win32
		{263FB41E-66AF-47FE-A7FF-9109B2B77A31}.Application|Win32.Build.0 = Release|Win32
		{263FB41E-66AF-47FE-A7FF-9109B2B77A31}.ApplicationDebug|Android.ActiveCfg = Debug|Win32
		{263FB41E-66AF-47FE-A7FF-9109B2B77A31}.ApplicationDebug|Mixed Platforms.ActiveCfg = Debug|Win32
		{263FB41E-66AF-47FE-A7FF-9109B2B77A31}.ApplicationDebug|Mixed Platforms.Build.0 = Debug|Win32
		{263FB41E-66AF-47FE-A7FF-9109B2B77A31}.ApplicationDebug|Win32.ActiveCfg = Debug|Win32
		{263FB41E-66AF-47FE-A7FF-9109B2B77A31}.ApplicationDebug|Win32.Build.0 = Debug|Win32
		{263FB41E-66AF-47FE-A7FF-9109B2B77A31}.Debug|Android.ActiveCfg = Debug|Win32
		{263FB41E-66AF-47FE-A7FF-9109B2B77A31}.Debug|Mixed Platforms.ActiveCfg = Debug|Win32
		{263FB41E-66AF-47FE-A7FF-9109B2B77A31}.Debug|Mixed Platforms.Build.0 = Debug|Win32
		{263FB41E-66AF-47FE-A7FF-9109B2B77A31}.Debug|Win32.ActiveCfg = Debug|Win32
		{263FB41E-66AF-47FE-A7FF-9109B2B77A31}.Debug|Win32.Build.0 = Debug|Win32
		{263FB41E-66AF-47FE-A7FF-9109B2B77A31}.Release|Android.ActiveCfg = Release|Win32
		{263FB41E-66AF-47FE-A7FF-9109B2B77A31}.Release|Mixed Platforms.ActiveCfg = Release|Win32
		{263FB41E-66AF-47FE-A7FF-9109B2B77A31}.Release|Mixed Platforms.Build.0 = Release|Win32
		{263FB41E-66AF-47FE-A7FF-9109B2B77A31}.Release|Win32.ActiveCfg = Release|Win32
		{263FB41E-66AF-47FE-A7FF-9109B2B77A31}.Release|Win32.Build.0 = Release|Win32
	EndGlobalSection
	GlobalSection(SolutionProperties) = preSolution
		HideSolutionNode = FALSE
	EndGlobalSection
	GlobalSection(NestedProjects) = preSolution
		{790A8356-123A-4A4A-9BA7-9B7FD1734461} = {CCC977A6-A4FB-443D-8016-0E90D694DFC2}
		{83C2698B-660E-42F9-8200-1FC409BB957A} = {CCC977A6-A4FB-443D-8016-0E90D694DFC2}
		{7B06E472-1593-45BD-A176-7D5F280F3E90} = {3895B1CA-E0D0-4BE6-9756-C98EE33ACA4A}
		{900A45BF-7C1F-4472-8401-8FEC06BEE2E5} = {3895B1CA-E0D0-4BE6-9756-C98EE33ACA4A}
		{A3EB4EE5-890F-4148-996E-355F464FEE8F} = {3895B1CA-E0D0-4BE6-9756-C98EE33ACA4A}
		{4ABE820D-33E6-4D8E-815C-322612F33AE9} = {3895B1CA-E0D0-4BE6-9756-C98EE33ACA4A}
		{161E529F-2CA4-4B39-BC06-8ECF6D9F70BB} = {3895B1CA-E0D0-4BE6-9756-C98EE33ACA4A}
		{CC11359F-7767-48E7-8C37-029E8E614667} = {3895B1CA-E0D0-4BE6-9756-C98EE33ACA4A}
		{49ED7C13-3BC3-460D-B332-B97E82B1FEFE} = {3895B1CA-E0D0-4BE6-9756-C98EE33ACA4A}
		{ECD043A8-44EA-4BB0-AA37-F62D09BC9A31} = {3895B1CA-E0D0-4BE6-9756-C98EE33ACA4A}
		{F0A24F23-6C26-44C9-83E5-042E6169DA7C} = {3895B1CA-E0D0-4BE6-9756-C98EE33ACA4A}
		{E8430F03-C107-4E89-91F3-AFDD107990C7} = {3895B1CA-E0D0-4BE6-9756-C98EE33ACA4A}
		{CF1EFDDB-C9DD-471D-8BE6-8559F4740592} = {9A8F9DA9-9446-4147-90DE-F5925EB8FB1E}
		{B0D7E3CD-DF08-4461-8A6F-CE49476BFAFE} = {10268A30-B0DC-47DF-950D-5421E069A053}
		{263FB41E-66AF-47FE-A7FF-9109B2B77A31} = {10268A30-B0DC-47DF-950D-5421E069A053}
	EndGlobalSection
EndGlobal
