<?xml version="1.0" encoding="utf-8"?>
<Project ToolsVersion="4.0" xmlns="http://schemas.microsoft.com/developer/msbuild/2003">
  <ItemGroup>
    <Filter Include="Source Files">
      <UniqueIdentifier>{4FC737F1-C7A5-4376-A066-2A32D752A2FF}</UniqueIdentifier>
      <Extensions>cpp;c;cc;cxx;def;odl;idl;hpj;bat;asm;asmx</Extensions>
    </Filter>
    <Filter Include="Header Files">
      <UniqueIdentifier>{93995380-89BD-4b04-88EB-625FBE52EBFB}</UniqueIdentifier>
      <Extensions>h;hpp;hxx;hm;inl;inc;xsd</Extensions>
    </Filter>
    <Filter Include="Resource Files">
      <UniqueIdentifier>{67DA6AB6-F800-4c08-8B7A-83BB121AAD01}</UniqueIdentifier>
      <Extensions>rc;ico;cur;bmp;dlg;rc2;rct;bin;rgs;gif;jpg;jpeg;jpe;resx;tiff;tif;png;wav;mfcribbon-ms</Extensions>
    </Filter>
    <Filter Include="Header Files\gfx">
      <UniqueIdentifier>{d464e49e-b905-4bb5-add1-30c48eb71927}</UniqueIdentifier>
    </Filter>
    <Filter Include="Header Files\io">
      <UniqueIdentifier>{bba4fbb7-fa3b-42e0-b5f9-8b79f775cdc6}</UniqueIdentifier>
    </Filter>
    <Filter Include="Source Files\io">
      <UniqueIdentifier>{b0a4924d-450a-45b9-8e30-8e1ff19e98f5}</UniqueIdentifier>
    </Filter>
    <Filter Include="Header Files\core">
      <UniqueIdentifier>{2f1b11a8-e95c-43c8-99f7-19948fca6020}</UniqueIdentifier>
    </Filter>
    <Filter Include="Source Files\core">
      <UniqueIdentifier>{2b304747-b04a-4ae8-bebc-c2d8d3c1b39f}</UniqueIdentifier>
    </Filter>
    <Filter Include="Libs">
      <UniqueIdentifier>{4948fbbc-b502-4a68-9548-9fb4bc54104a}</UniqueIdentifier>
    </Filter>
    <Filter Include="Libs\nedmalloc">
      <UniqueIdentifier>{7d70fbe9-a9a7-44d1-8adb-0dcb7ffd31bb}</UniqueIdentifier>
    </Filter>
    <Filter Include="Header Files\math">
      <UniqueIdentifier>{c12ed7d7-6584-459f-8618-23b18bda4c53}</UniqueIdentifier>
    </Filter>
    <Filter Include="Header Files\def">
      <UniqueIdentifier>{eb2d396e-433c-4d9e-96b7-84eb7b241399}</UniqueIdentifier>
    </Filter>
    <Filter Include="Source Files\os">
      <UniqueIdentifier>{a37ac2d9-6078-42ef-89e6-3648c33153a8}</UniqueIdentifier>
    </Filter>
    <Filter Include="Header Files\os">
      <UniqueIdentifier>{48c5bcfc-37d5-41f0-a6c5-cdf2b4c98f94}</UniqueIdentifier>
    </Filter>
  </ItemGroup>
  <ItemGroup>
    <ClInclude Include="..\include\KgeUnknown.h">
      <Filter>Header Files</Filter>
    </ClInclude>
    <ClInclude Include="..\include\Device.h">
      <Filter>Header Files</Filter>
    </ClInclude>
    <ClInclude Include="..\include\Renderer.h">
      <Filter>Header Files\gfx</Filter>
    </ClInclude>
    <ClInclude Include="..\include\KgeWindow.h">
      <Filter>Header Files\io</Filter>
    </ClInclude>
    <ClInclude Include="..\include\structs.h">
      <Filter>Header Files</Filter>
    </ClInclude>
    <ClInclude Include="..\KGEmain\WinWindow.h">
      <Filter>Header Files\io</Filter>
    </ClInclude>
    <ClInclude Include="..\include\Logger.h">
      <Filter>Header Files\io</Filter>
    </ClInclude>
    <ClInclude Include="..\include\enums.h">
      <Filter>Header Files</Filter>
    </ClInclude>
    <ClInclude Include="..\include\KgeThread.h">
      <Filter>Header Files\core</Filter>
    </ClInclude>
    <ClInclude Include="..\include\KgeMutex.h">
      <Filter>Header Files\core</Filter>
    </ClInclude>
    <ClInclude Include="..\..\libs\nedmalloc\malloc.c.h">
      <Filter>Libs\nedmalloc</Filter>
    </ClInclude>
    <ClInclude Include="..\..\libs\nedmalloc\nedmalloc.h">
      <Filter>Libs\nedmalloc</Filter>
    </ClInclude>
    <ClInclude Include="..\include\Config.h">
      <Filter>Header Files</Filter>
    </ClInclude>
    <ClInclude Include="..\KGEmain\KgeMemoryTrack.h">
      <Filter>Header Files\core</Filter>
    </ClInclude>
    <ClInclude Include="..\include\KgeMemory.h">
      <Filter>Header Files\core</Filter>
    </ClInclude>
    <ClInclude Include="..\KGEmain\KgeNedmalloc.h">
      <Filter>Header Files\core</Filter>
    </ClInclude>
    <ClInclude Include="..\include\Resource.h">
      <Filter>Header Files</Filter>
    </ClInclude>
    <ClInclude Include="..\include\ResourceManager.h">
      <Filter>Header Files</Filter>
    </ClInclude>
    <ClInclude Include="..\include\Plugin.h">
      <Filter>Header Files</Filter>
    </ClInclude>
    <ClInclude Include="..\include\PluginManager.h">
      <Filter>Header Files</Filter>
    </ClInclude>
    <ClInclude Include="..\include\ptr_fun.h">
      <Filter>Header Files\core</Filter>
    </ClInclude>
    <ClInclude Include="..\include\String.h">
      <Filter>Header Files\core</Filter>
    </ClInclude>
    <ClInclude Include="..\include\Functor.h">
      <Filter>Header Files\core</Filter>
    </ClInclude>
    <ClInclude Include="..\include\mem_fun.h">
      <Filter>Header Files\core</Filter>
    </ClInclude>
    <ClInclude Include="..\include\InputManager.h">
      <Filter>Header Files\io</Filter>
    </ClInclude>
    <ClInclude Include="..\include\Mouse.h">
      <Filter>Header Files\io</Filter>
    </ClInclude>
    <ClInclude Include="..\include\Keyboard.h">
      <Filter>Header Files\io</Filter>
    </ClInclude>
    <ClInclude Include="..\include\math.h">
      <Filter>Header Files\math</Filter>
    </ClInclude>
    <ClInclude Include="..\include\array.h">
      <Filter>Header Files\core</Filter>
    </ClInclude>
    <ClInclude Include="..\include\msvc_def.h">
      <Filter>Header Files\def</Filter>
    </ClInclude>
    <ClInclude Include="..\include\gnuc_def.h">
      <Filter>Header Files\def</Filter>
    </ClInclude>
    <ClInclude Include="..\include\kgedef.h">
      <Filter>Header Files\def</Filter>
    </ClInclude>
    <ClInclude Include="..\KGEmain\Android.h">
      <Filter>Header Files\os</Filter>
    </ClInclude>
    <ClInclude Include="..\include\os.h">
      <Filter>Header Files\os</Filter>
    </ClInclude>
    <ClInclude Include="..\include\HardwareBuffer.h">
      <Filter>Header Files\gfx</Filter>
    </ClInclude>
    <ClInclude Include="..\include\FileSystem.h">
      <Filter>Header Files\io</Filter>
    </ClInclude>
    <ClInclude Include="..\include\FileSystemManager.h">
      <Filter>Header Files\io</Filter>
    </ClInclude>
    <ClInclude Include="..\KGEmain\FileSystemManager.cpp">
      <Filter>Source Files\io</Filter>
    </ClInclude>
  </ItemGroup>
  <ItemGroup>
    <ClCompile Include="..\KGEmain\Device.cpp">
      <Filter>Source Files</Filter>
    </ClCompile>
    <ClCompile Include="..\KGEmain\WinWindow.cpp">
      <Filter>Source Files\io</Filter>
    </ClCompile>
    <ClCompile Include="..\KGEmain\Logger.cpp">
      <Filter>Source Files\io</Filter>
    </ClCompile>
    <ClCompile Include="..\KGEmain\KgeThread.cpp">
      <Filter>Source Files\core</Filter>
    </ClCompile>
    <ClCompile Include="..\KGEmain\KgeMutex.cpp">
      <Filter>Source Files\core</Filter>
    </ClCompile>
    <ClCompile Include="..\..\libs\nedmalloc\nedmalloc.c">
      <Filter>Libs\nedmalloc</Filter>
    </ClCompile>
    <ClCompile Include="..\KGEmain\KgeMemoryTrack.cpp">
      <Filter>Source Files\core</Filter>
    </ClCompile>
    <ClCompile Include="..\KGEmain\KgeNedmalloc.cpp">
      <Filter>Source Files\core</Filter>
    </ClCompile>
    <ClCompile Include="..\KGEmain\PluginManager.cpp">
      <Filter>Source Files</Filter>
    </ClCompile>
    <ClCompile Include="..\KGEmain\Resource.cpp">
      <Filter>Source Files</Filter>
    </ClCompile>
    <ClCompile Include="..\KGEmain\String.cpp">
      <Filter>Source Files\core</Filter>
    </ClCompile>
    <ClCompile Include="..\KGEmain\InputManager.cpp">
      <Filter>Source Files\io</Filter>
    </ClCompile>
    <ClCompile Include="..\KGEmain\Android.cpp">
      <Filter>Source Files\os</Filter>
    </ClCompile>
    <ClCompile Include="..\KGEmain\Windows.cpp">
      <Filter>Source Files\os</Filter>
    </ClCompile>
  </ItemGroup>
</Project>