
Microsoft Visual Studio Solution File, Format Version 11.00
# Visual Studio 2010
Project("{2857B73E-F847-4B02-9238-064979017E93}") = "KGE", "KGE\KGE.cproj", "{6FE3BCFE-6753-4F95-9F8B-95DA760B3738}"
EndProject
Global
	GlobalSection(SolutionConfigurationPlatforms) = preSolution
		Debug|Any CPU = Debug|Any CPU
		Release|Any CPU = Release|Any CPU
	EndGlobalSection
	GlobalSection(ProjectConfigurationPlatforms) = postSolution
		{6FE3BCFE-6753-4F95-9F8B-95DA760B3738}.Debug|Any CPU.ActiveCfg = Debug|Any CPU
		{6FE3BCFE-6753-4F95-9F8B-95DA760B3738}.Debug|Any CPU.Build.0 = Debug|Any CPU
		{6FE3BCFE-6753-4F95-9F8B-95DA760B3738}.Release|Any CPU.ActiveCfg = Release|Any CPU
		{6FE3BCFE-6753-4F95-9F8B-95DA760B3738}.Release|Any CPU.Build.0 = Release|Any CPU
	EndGlobalSection
	GlobalSection(MonoDevelopProperties) = preSolution
		StartupItem = KGE\KGE.cproj
	EndGlobalSection
EndGlobal
